// !$*UTF8*$!
{
	archiveVersion = 1;
	classes = {
	};
	objectVersion = 46;
	objects = {

/* Begin PBXBuildFile section */
		3E11B73B1CFABDB000D2F230 /* YJDiscoverDetailViewController.m in Sources */ = {isa = PBXBuildFile; fileRef = 3E11B73A1CFABDB000D2F230 /* YJDiscoverDetailViewController.m */; };
		3E11B73D1CFAC97100D2F230 /* commends.plist in Resources */ = {isa = PBXBuildFile; fileRef = 3E11B73C1CFAC97100D2F230 /* commends.plist */; };
		3E11B7401CFAD42E00D2F230 /* YJCommendViewController.m in Sources */ = {isa = PBXBuildFile; fileRef = 3E11B73F1CFAD42E00D2F230 /* YJCommendViewController.m */; };
		3E26A4911CA12306006FFD99 /* NSString+Hash.m in Sources */ = {isa = PBXBuildFile; fileRef = 3E26A4901CA12306006FFD99 /* NSString+Hash.m */; };
		3E26A4941CA127D5006FFD99 /* YJWebViewController.m in Sources */ = {isa = PBXBuildFile; fileRef = 3E26A4931CA127D5006FFD99 /* YJWebViewController.m */; };
		3E430F0F1C8A9D1C00456CD7 /* main.m in Sources */ = {isa = PBXBuildFile; fileRef = 3E430F0E1C8A9D1C00456CD7 /* main.m */; };
		3E430F121C8A9D1C00456CD7 /* AppDelegate.m in Sources */ = {isa = PBXBuildFile; fileRef = 3E430F111C8A9D1C00456CD7 /* AppDelegate.m */; };
		3E430F151C8A9D1C00456CD7 /* ViewController.m in Sources */ = {isa = PBXBuildFile; fileRef = 3E430F141C8A9D1C00456CD7 /* ViewController.m */; };
		3E430F181C8A9D1C00456CD7 /* Main.storyboard in Resources */ = {isa = PBXBuildFile; fileRef = 3E430F161C8A9D1C00456CD7 /* Main.storyboard */; };
		3E430F1A1C8A9D1C00456CD7 /* Assets.xcassets in Resources */ = {isa = PBXBuildFile; fileRef = 3E430F191C8A9D1C00456CD7 /* Assets.xcassets */; };
		3E430F1D1C8A9D1C00456CD7 /* LaunchScreen.storyboard in Resources */ = {isa = PBXBuildFile; fileRef = 3E430F1B1C8A9D1C00456CD7 /* LaunchScreen.storyboard */; };
		3E430F281C8A9D1D00456CD7 /* XMPPWechatTests.m in Sources */ = {isa = PBXBuildFile; fileRef = 3E430F271C8A9D1D00456CD7 /* XMPPWechatTests.m */; };
		3E430F331C8A9D1D00456CD7 /* XMPPWechatUITests.m in Sources */ = {isa = PBXBuildFile; fileRef = 3E430F321C8A9D1D00456CD7 /* XMPPWechatUITests.m */; };
		3E4317381C8AB29700456CD7 /* ConnectView.storyboard in Resources */ = {isa = PBXBuildFile; fileRef = 3E4317371C8AB29700456CD7 /* ConnectView.storyboard */; };
		3E43173D1C8AB72300456CD7 /* YJLoginViewController.m in Sources */ = {isa = PBXBuildFile; fileRef = 3E43173C1C8AB72300456CD7 /* YJLoginViewController.m */; };
		3E43174C1C8ABF4A00456CD7 /* UIButton+WF.m in Sources */ = {isa = PBXBuildFile; fileRef = 3E4317411C8ABF4A00456CD7 /* UIButton+WF.m */; };
		3E43174D1C8ABF4A00456CD7 /* UIImage+WF.m in Sources */ = {isa = PBXBuildFile; fileRef = 3E4317431C8ABF4A00456CD7 /* UIImage+WF.m */; };
		3E43174E1C8ABF4A00456CD7 /* UIScreen+WF.m in Sources */ = {isa = PBXBuildFile; fileRef = 3E4317451C8ABF4A00456CD7 /* UIScreen+WF.m */; };
		3E43174F1C8ABF4A00456CD7 /* UIStoryboard+WF.m in Sources */ = {isa = PBXBuildFile; fileRef = 3E4317471C8ABF4A00456CD7 /* UIStoryboard+WF.m */; };
		3E4317501C8ABF4A00456CD7 /* UITextField+WF.m in Sources */ = {isa = PBXBuildFile; fileRef = 3E4317491C8ABF4A00456CD7 /* UITextField+WF.m */; };
		3E4317511C8ABF4A00456CD7 /* UIView+WF.m in Sources */ = {isa = PBXBuildFile; fileRef = 3E43174B1C8ABF4A00456CD7 /* UIView+WF.m */; };
		3E4317581C8ABF5800456CD7 /* MBProgressHUD+HM.m in Sources */ = {isa = PBXBuildFile; fileRef = 3E4317541C8ABF5800456CD7 /* MBProgressHUD+HM.m */; };
		3E4317591C8ABF5800456CD7 /* MBProgressHUD.bundle in Resources */ = {isa = PBXBuildFile; fileRef = 3E4317551C8ABF5800456CD7 /* MBProgressHUD.bundle */; };
		3E43175A1C8ABF5800456CD7 /* MBProgressHUD.m in Sources */ = {isa = PBXBuildFile; fileRef = 3E4317571C8ABF5800456CD7 /* MBProgressHUD.m */; };
		3E43177D1C8ABF6400456CD7 /* MKAnnotationView+WebCache.m in Sources */ = {isa = PBXBuildFile; fileRef = 3E43175D1C8ABF6400456CD7 /* MKAnnotationView+WebCache.m */; };
		3E43177E1C8ABF6400456CD7 /* NSData+ImageContentType.m in Sources */ = {isa = PBXBuildFile; fileRef = 3E43175F1C8ABF6400456CD7 /* NSData+ImageContentType.m */; };
		3E43177F1C8ABF6400456CD7 /* SDImageCache.m in Sources */ = {isa = PBXBuildFile; fileRef = 3E4317611C8ABF6400456CD7 /* SDImageCache.m */; };
		3E4317801C8ABF6400456CD7 /* SDWebImageCompat.m in Sources */ = {isa = PBXBuildFile; fileRef = 3E4317631C8ABF6400456CD7 /* SDWebImageCompat.m */; };
		3E4317811C8ABF6400456CD7 /* SDWebImageDecoder.m in Sources */ = {isa = PBXBuildFile; fileRef = 3E4317651C8ABF6400456CD7 /* SDWebImageDecoder.m */; };
		3E4317821C8ABF6400456CD7 /* SDWebImageDownloader.m in Sources */ = {isa = PBXBuildFile; fileRef = 3E4317671C8ABF6400456CD7 /* SDWebImageDownloader.m */; };
		3E4317831C8ABF6400456CD7 /* SDWebImageDownloaderOperation.m in Sources */ = {isa = PBXBuildFile; fileRef = 3E4317691C8ABF6400456CD7 /* SDWebImageDownloaderOperation.m */; };
		3E4317841C8ABF6400456CD7 /* SDWebImageManager.m in Sources */ = {isa = PBXBuildFile; fileRef = 3E43176B1C8ABF6400456CD7 /* SDWebImageManager.m */; };
		3E4317851C8ABF6400456CD7 /* SDWebImagePrefetcher.m in Sources */ = {isa = PBXBuildFile; fileRef = 3E43176E1C8ABF6400456CD7 /* SDWebImagePrefetcher.m */; };
		3E4317861C8ABF6400456CD7 /* UIButton+WebCache.m in Sources */ = {isa = PBXBuildFile; fileRef = 3E4317701C8ABF6400456CD7 /* UIButton+WebCache.m */; };
		3E4317871C8ABF6400456CD7 /* UIImage+GIF.m in Sources */ = {isa = PBXBuildFile; fileRef = 3E4317721C8ABF6400456CD7 /* UIImage+GIF.m */; };
		3E4317881C8ABF6400456CD7 /* UIImage+MultiFormat.m in Sources */ = {isa = PBXBuildFile; fileRef = 3E4317741C8ABF6400456CD7 /* UIImage+MultiFormat.m */; };
		3E4317891C8ABF6400456CD7 /* UIImage+WebP.m in Sources */ = {isa = PBXBuildFile; fileRef = 3E4317761C8ABF6400456CD7 /* UIImage+WebP.m */; };
		3E43178A1C8ABF6400456CD7 /* UIImageView+HighlightedWebCache.m in Sources */ = {isa = PBXBuildFile; fileRef = 3E4317781C8ABF6400456CD7 /* UIImageView+HighlightedWebCache.m */; };
		3E43178B1C8ABF6400456CD7 /* UIImageView+WebCache.m in Sources */ = {isa = PBXBuildFile; fileRef = 3E43177A1C8ABF6400456CD7 /* UIImageView+WebCache.m */; };
		3E43178C1C8ABF6400456CD7 /* UIView+WebCacheOperation.m in Sources */ = {isa = PBXBuildFile; fileRef = 3E43177C1C8ABF6400456CD7 /* UIView+WebCacheOperation.m */; };
		3E43178F1C8AC7EF00456CD7 /* YJRegisterViewController.m in Sources */ = {isa = PBXBuildFile; fileRef = 3E43178E1C8AC7EF00456CD7 /* YJRegisterViewController.m */; };
		3E4317961C8AC93100456CD7 /* HttpTool.m in Sources */ = {isa = PBXBuildFile; fileRef = 3E4317921C8AC93100456CD7 /* HttpTool.m */; };
		3E43179D1C8ACAE500456CD7 /* YJXMPPTool.m in Sources */ = {isa = PBXBuildFile; fileRef = 3E43179C1C8ACAE500456CD7 /* YJXMPPTool.m */; };
		3E5D7AED1C8D4357007F22C1 /* YJAccount.m in Sources */ = {isa = PBXBuildFile; fileRef = 3E5D7AEC1C8D4357007F22C1 /* YJAccount.m */; };
		3E7BC6D81CA24D5100E2A0A7 /* YJDiscoverViewController.m in Sources */ = {isa = PBXBuildFile; fileRef = 3E7BC6D71CA24D5100E2A0A7 /* YJDiscoverViewController.m */; };
		3E7BC6DB1CA2551200E2A0A7 /* YJCreatTaskViewController.m in Sources */ = {isa = PBXBuildFile; fileRef = 3E7BC6DA1CA2551200E2A0A7 /* YJCreatTaskViewController.m */; };
		3E7BC6DE1CA25A8B00E2A0A7 /* YJContentViewController.m in Sources */ = {isa = PBXBuildFile; fileRef = 3E7BC6DD1CA25A8B00E2A0A7 /* YJContentViewController.m */; };
		3E7BC6E11CA263F600E2A0A7 /* YJToolbar.m in Sources */ = {isa = PBXBuildFile; fileRef = 3E7BC6E01CA263F600E2A0A7 /* YJToolbar.m */; };
		3E7BC6E31CA2641600E2A0A7 /* YJToolbar.xib in Resources */ = {isa = PBXBuildFile; fileRef = 3E7BC6E21CA2641600E2A0A7 /* YJToolbar.xib */; };
		3E9858FD1CB4BE0C00769EF0 /* YJTask.m in Sources */ = {isa = PBXBuildFile; fileRef = 3E9858FC1CB4BE0C00769EF0 /* YJTask.m */; };
		3EA9D9461CA2CD2A002883C5 /* NSString+Helper.m in Sources */ = {isa = PBXBuildFile; fileRef = 3EA9D9451CA2CD2A002883C5 /* NSString+Helper.m */; };
		3EA9D94C1CA2D08E002883C5 /* YJQcodeViewController.m in Sources */ = {isa = PBXBuildFile; fileRef = 3EA9D94B1CA2D08E002883C5 /* YJQcodeViewController.m */; };
		3EB033711CF06C5A008C1092 /* MJRefreshAutoFooter.m in Sources */ = {isa = PBXBuildFile; fileRef = 3EB033471CF06C5A008C1092 /* MJRefreshAutoFooter.m */; };
		3EB033721CF06C5A008C1092 /* MJRefreshBackFooter.m in Sources */ = {isa = PBXBuildFile; fileRef = 3EB033491CF06C5A008C1092 /* MJRefreshBackFooter.m */; };
		3EB033731CF06C5A008C1092 /* MJRefreshComponent.m in Sources */ = {isa = PBXBuildFile; fileRef = 3EB0334B1CF06C5A008C1092 /* MJRefreshComponent.m */; };
		3EB033741CF06C5A008C1092 /* MJRefreshFooter.m in Sources */ = {isa = PBXBuildFile; fileRef = 3EB0334D1CF06C5A008C1092 /* MJRefreshFooter.m */; };
		3EB033751CF06C5A008C1092 /* MJRefreshHeader.m in Sources */ = {isa = PBXBuildFile; fileRef = 3EB0334F1CF06C5A008C1092 /* MJRefreshHeader.m */; };
		3EB033761CF06C5A008C1092 /* MJRefreshAutoGifFooter.m in Sources */ = {isa = PBXBuildFile; fileRef = 3EB033541CF06C5A008C1092 /* MJRefreshAutoGifFooter.m */; };
		3EB033771CF06C5A008C1092 /* MJRefreshAutoNormalFooter.m in Sources */ = {isa = PBXBuildFile; fileRef = 3EB033561CF06C5A008C1092 /* MJRefreshAutoNormalFooter.m */; };
		3EB033781CF06C5A008C1092 /* MJRefreshAutoStateFooter.m in Sources */ = {isa = PBXBuildFile; fileRef = 3EB033581CF06C5A008C1092 /* MJRefreshAutoStateFooter.m */; };
		3EB033791CF06C5A008C1092 /* MJRefreshBackGifFooter.m in Sources */ = {isa = PBXBuildFile; fileRef = 3EB0335B1CF06C5A008C1092 /* MJRefreshBackGifFooter.m */; };
		3EB0337A1CF06C5A008C1092 /* MJRefreshBackNormalFooter.m in Sources */ = {isa = PBXBuildFile; fileRef = 3EB0335D1CF06C5A008C1092 /* MJRefreshBackNormalFooter.m */; };
		3EB0337B1CF06C5A008C1092 /* MJRefreshBackStateFooter.m in Sources */ = {isa = PBXBuildFile; fileRef = 3EB0335F1CF06C5A008C1092 /* MJRefreshBackStateFooter.m */; };
		3EB0337C1CF06C5A008C1092 /* MJRefreshGifHeader.m in Sources */ = {isa = PBXBuildFile; fileRef = 3EB033621CF06C5A008C1092 /* MJRefreshGifHeader.m */; };
		3EB0337D1CF06C5A008C1092 /* MJRefreshNormalHeader.m in Sources */ = {isa = PBXBuildFile; fileRef = 3EB033641CF06C5A008C1092 /* MJRefreshNormalHeader.m */; };
		3EB0337E1CF06C5A008C1092 /* MJRefreshStateHeader.m in Sources */ = {isa = PBXBuildFile; fileRef = 3EB033661CF06C5A008C1092 /* MJRefreshStateHeader.m */; };
		3EB0337F1CF06C5A008C1092 /* MJRefresh.bundle in Resources */ = {isa = PBXBuildFile; fileRef = 3EB033671CF06C5A008C1092 /* MJRefresh.bundle */; };
		3EB033801CF06C5A008C1092 /* MJRefreshConst.m in Sources */ = {isa = PBXBuildFile; fileRef = 3EB0336A1CF06C5A008C1092 /* MJRefreshConst.m */; };
		3EB033811CF06C5A008C1092 /* UIScrollView+MJExtension.m in Sources */ = {isa = PBXBuildFile; fileRef = 3EB0336C1CF06C5A008C1092 /* UIScrollView+MJExtension.m */; };
		3EB033821CF06C5A008C1092 /* UIScrollView+MJRefresh.m in Sources */ = {isa = PBXBuildFile; fileRef = 3EB0336E1CF06C5A008C1092 /* UIScrollView+MJRefresh.m */; };
		3EB033831CF06C5A008C1092 /* UIView+MJExtension.m in Sources */ = {isa = PBXBuildFile; fileRef = 3EB033701CF06C5A008C1092 /* UIView+MJExtension.m */; };
		3EB033851CF17E4B008C1092 /* tasks.plist in Resources */ = {isa = PBXBuildFile; fileRef = 3EB033841CF17E4B008C1092 /* tasks.plist */; };
		3EB033881CF2C9C1008C1092 /* YJDiscoverTableViewCell.m in Sources */ = {isa = PBXBuildFile; fileRef = 3EB033871CF2C9C1008C1092 /* YJDiscoverTableViewCell.m */; };
		3EB0338B1CF2CA68008C1092 /* YJCellFrame.m in Sources */ = {isa = PBXBuildFile; fileRef = 3EB0338A1CF2CA68008C1092 /* YJCellFrame.m */; };
		3EC006491C8DAC070049507C /* YJMeTableViewController.m in Sources */ = {isa = PBXBuildFile; fileRef = 3EC006481C8DAC070049507C /* YJMeTableViewController.m */; };
		3EC0064C1C8DBCFF0049507C /* YJInfoViewController.m in Sources */ = {isa = PBXBuildFile; fileRef = 3EC0064B1C8DBCFF0049507C /* YJInfoViewController.m */; };
		3EC006511C8E9F2E0049507C /* YJEditViewController.m in Sources */ = {isa = PBXBuildFile; fileRef = 3EC006501C8E9F2E0049507C /* YJEditViewController.m */; };
		3EC006691C90087C0049507C /* YJContantTableViewController.m in Sources */ = {isa = PBXBuildFile; fileRef = 3EC006681C90087C0049507C /* YJContantTableViewController.m */; };
		3EC0066C1C9008980049507C /* YJAddContantViewController.m in Sources */ = {isa = PBXBuildFile; fileRef = 3EC0066B1C9008980049507C /* YJAddContantViewController.m */; };
		3EEBB1591C969D49007D06EA /* YJChatViewController.m in Sources */ = {isa = PBXBuildFile; fileRef = 3EEBB1581C969D49007D06EA /* YJChatViewController.m */; };
		611A2889C6BDD775C7508913 /* Pods_XMPPWechat.framework in Frameworks */ = {isa = PBXBuildFile; fileRef = C44FFAC3634DCF155CF63436 /* Pods_XMPPWechat.framework */; };
		675025672AF6FB76A7BD9073 /* Pods_XMPPWechat_XMPPWechatUITests.framework in Frameworks */ = {isa = PBXBuildFile; fileRef = 4AA0D286F1458B2D44038411 /* Pods_XMPPWechat_XMPPWechatUITests.framework */; };
		78697B5F7865B304B38120E6 /* Pods_XMPPWechatTests.framework in Frameworks */ = {isa = PBXBuildFile; fileRef = FD763C4E0B7D26D73BD0E314 /* Pods_XMPPWechatTests.framework */; };
/* End PBXBuildFile section */

/* Begin PBXContainerItemProxy section */
		3E430F241C8A9D1D00456CD7 /* PBXContainerItemProxy */ = {
			isa = PBXContainerItemProxy;
			containerPortal = 3E430F021C8A9D1C00456CD7 /* Project object */;
			proxyType = 1;
			remoteGlobalIDString = 3E430F091C8A9D1C00456CD7;
			remoteInfo = XMPPWechat;
		};
		3E430F2F1C8A9D1D00456CD7 /* PBXContainerItemProxy */ = {
			isa = PBXContainerItemProxy;
			containerPortal = 3E430F021C8A9D1C00456CD7 /* Project object */;
			proxyType = 1;
			remoteGlobalIDString = 3E430F091C8A9D1C00456CD7;
			remoteInfo = XMPPWechat;
		};
/* End PBXContainerItemProxy section */

/* Begin PBXFileReference section */
		14D7689093A8ABF5699BE381 /* Pods-XMPPWechatTests.debug.xcconfig */ = {isa = PBXFileReference; includeInIndex = 1; lastKnownFileType = text.xcconfig; name = "Pods-XMPPWechatTests.debug.xcconfig"; path = "Target Support Files/Pods-XMPPWechatTests/Pods-XMPPWechatTests.debug.xcconfig"; sourceTree = "<group>"; };
		1819DE2B2ACCB5911137EE6B /* Pods-XMPPWechat-XMPPWechatUITests.debug.xcconfig */ = {isa = PBXFileReference; includeInIndex = 1; lastKnownFileType = text.xcconfig; name = "Pods-XMPPWechat-XMPPWechatUITests.debug.xcconfig"; path = "Target Support Files/Pods-XMPPWechat-XMPPWechatUITests/Pods-XMPPWechat-XMPPWechatUITests.debug.xcconfig"; sourceTree = "<group>"; };
		36A86DE3083D503B918D3A2D /* Pods-XMPPWechat-XMPPWechatUITests.release.xcconfig */ = {isa = PBXFileReference; includeInIndex = 1; lastKnownFileType = text.xcconfig; name = "Pods-XMPPWechat-XMPPWechatUITests.release.xcconfig"; path = "Target Support Files/Pods-XMPPWechat-XMPPWechatUITests/Pods-XMPPWechat-XMPPWechatUITests.release.xcconfig"; sourceTree = "<group>"; };
		384DF871515A3665BEB163B2 /* Pods-XMPPWechatTests.release.xcconfig */ = {isa = PBXFileReference; includeInIndex = 1; lastKnownFileType = text.xcconfig; name = "Pods-XMPPWechatTests.release.xcconfig"; path = "Target Support Files/Pods-XMPPWechatTests/Pods-XMPPWechatTests.release.xcconfig"; sourceTree = "<group>"; };
		3E11B7391CFABDB000D2F230 /* YJDiscoverDetailViewController.h */ = {isa = PBXFileReference; fileEncoding = 4; lastKnownFileType = sourcecode.c.h; path = YJDiscoverDetailViewController.h; sourceTree = "<group>"; };
		3E11B73A1CFABDB000D2F230 /* YJDiscoverDetailViewController.m */ = {isa = PBXFileReference; fileEncoding = 4; lastKnownFileType = sourcecode.c.objc; path = YJDiscoverDetailViewController.m; sourceTree = "<group>"; };
		3E11B73C1CFAC97100D2F230 /* commends.plist */ = {isa = PBXFileReference; fileEncoding = 4; lastKnownFileType = text.plist.xml; path = commends.plist; sourceTree = "<group>"; };
		3E11B73E1CFAD42E00D2F230 /* YJCommendViewController.h */ = {isa = PBXFileReference; fileEncoding = 4; lastKnownFileType = sourcecode.c.h; path = YJCommendViewController.h; sourceTree = "<group>"; };
		3E11B73F1CFAD42E00D2F230 /* YJCommendViewController.m */ = {isa = PBXFileReference; fileEncoding = 4; lastKnownFileType = sourcecode.c.objc; path = YJCommendViewController.m; sourceTree = "<group>"; };
		3E26A48F1CA12306006FFD99 /* NSString+Hash.h */ = {isa = PBXFileReference; fileEncoding = 4; lastKnownFileType = sourcecode.c.h; path = "NSString+Hash.h"; sourceTree = "<group>"; };
		3E26A4901CA12306006FFD99 /* NSString+Hash.m */ = {isa = PBXFileReference; fileEncoding = 4; lastKnownFileType = sourcecode.c.objc; path = "NSString+Hash.m"; sourceTree = "<group>"; };
		3E26A4921CA127D5006FFD99 /* YJWebViewController.h */ = {isa = PBXFileReference; fileEncoding = 4; lastKnownFileType = sourcecode.c.h; path = YJWebViewController.h; sourceTree = "<group>"; };
		3E26A4931CA127D5006FFD99 /* YJWebViewController.m */ = {isa = PBXFileReference; fileEncoding = 4; lastKnownFileType = sourcecode.c.objc; path = YJWebViewController.m; sourceTree = "<group>"; };
		3E430F0A1C8A9D1C00456CD7 /* XMPPWechat.app */ = {isa = PBXFileReference; explicitFileType = wrapper.application; includeInIndex = 0; path = XMPPWechat.app; sourceTree = BUILT_PRODUCTS_DIR; };
		3E430F0E1C8A9D1C00456CD7 /* main.m */ = {isa = PBXFileReference; lastKnownFileType = sourcecode.c.objc; path = main.m; sourceTree = "<group>"; };
		3E430F101C8A9D1C00456CD7 /* AppDelegate.h */ = {isa = PBXFileReference; lastKnownFileType = sourcecode.c.h; path = AppDelegate.h; sourceTree = "<group>"; };
		3E430F111C8A9D1C00456CD7 /* AppDelegate.m */ = {isa = PBXFileReference; lastKnownFileType = sourcecode.c.objc; path = AppDelegate.m; sourceTree = "<group>"; };
		3E430F131C8A9D1C00456CD7 /* ViewController.h */ = {isa = PBXFileReference; lastKnownFileType = sourcecode.c.h; path = ViewController.h; sourceTree = "<group>"; };
		3E430F141C8A9D1C00456CD7 /* ViewController.m */ = {isa = PBXFileReference; lastKnownFileType = sourcecode.c.objc; path = ViewController.m; sourceTree = "<group>"; };
		3E430F171C8A9D1C00456CD7 /* Base */ = {isa = PBXFileReference; lastKnownFileType = file.storyboard; name = Base; path = Base.lproj/Main.storyboard; sourceTree = "<group>"; };
		3E430F191C8A9D1C00456CD7 /* Assets.xcassets */ = {isa = PBXFileReference; lastKnownFileType = folder.assetcatalog; path = Assets.xcassets; sourceTree = "<group>"; };
		3E430F1C1C8A9D1C00456CD7 /* Base */ = {isa = PBXFileReference; lastKnownFileType = file.storyboard; name = Base; path = Base.lproj/LaunchScreen.storyboard; sourceTree = "<group>"; };
		3E430F1E1C8A9D1C00456CD7 /* Info.plist */ = {isa = PBXFileReference; lastKnownFileType = text.plist.xml; path = Info.plist; sourceTree = "<group>"; };
		3E430F231C8A9D1D00456CD7 /* XMPPWechatTests.xctest */ = {isa = PBXFileReference; explicitFileType = wrapper.cfbundle; includeInIndex = 0; path = XMPPWechatTests.xctest; sourceTree = BUILT_PRODUCTS_DIR; };
		3E430F271C8A9D1D00456CD7 /* XMPPWechatTests.m */ = {isa = PBXFileReference; lastKnownFileType = sourcecode.c.objc; path = XMPPWechatTests.m; sourceTree = "<group>"; };
		3E430F291C8A9D1D00456CD7 /* Info.plist */ = {isa = PBXFileReference; lastKnownFileType = text.plist.xml; path = Info.plist; sourceTree = "<group>"; };
		3E430F2E1C8A9D1D00456CD7 /* XMPPWechatUITests.xctest */ = {isa = PBXFileReference; explicitFileType = wrapper.cfbundle; includeInIndex = 0; path = XMPPWechatUITests.xctest; sourceTree = BUILT_PRODUCTS_DIR; };
		3E430F321C8A9D1D00456CD7 /* XMPPWechatUITests.m */ = {isa = PBXFileReference; lastKnownFileType = sourcecode.c.objc; path = XMPPWechatUITests.m; sourceTree = "<group>"; };
		3E430F341C8A9D1D00456CD7 /* Info.plist */ = {isa = PBXFileReference; lastKnownFileType = text.plist.xml; path = Info.plist; sourceTree = "<group>"; };
		3E4317371C8AB29700456CD7 /* ConnectView.storyboard */ = {isa = PBXFileReference; fileEncoding = 4; lastKnownFileType = file.storyboard; path = ConnectView.storyboard; sourceTree = "<group>"; };
		3E43173B1C8AB72300456CD7 /* YJLoginViewController.h */ = {isa = PBXFileReference; fileEncoding = 4; lastKnownFileType = sourcecode.c.h; path = YJLoginViewController.h; sourceTree = "<group>"; };
		3E43173C1C8AB72300456CD7 /* YJLoginViewController.m */ = {isa = PBXFileReference; fileEncoding = 4; lastKnownFileType = sourcecode.c.objc; path = YJLoginViewController.m; sourceTree = "<group>"; };
		3E43173F1C8ABF4A00456CD7 /* CategoryWF.h */ = {isa = PBXFileReference; fileEncoding = 4; lastKnownFileType = sourcecode.c.h; path = CategoryWF.h; sourceTree = "<group>"; };
		3E4317401C8ABF4A00456CD7 /* UIButton+WF.h */ = {isa = PBXFileReference; fileEncoding = 4; lastKnownFileType = sourcecode.c.h; path = "UIButton+WF.h"; sourceTree = "<group>"; };
		3E4317411C8ABF4A00456CD7 /* UIButton+WF.m */ = {isa = PBXFileReference; fileEncoding = 4; lastKnownFileType = sourcecode.c.objc; path = "UIButton+WF.m"; sourceTree = "<group>"; };
		3E4317421C8ABF4A00456CD7 /* UIImage+WF.h */ = {isa = PBXFileReference; fileEncoding = 4; lastKnownFileType = sourcecode.c.h; path = "UIImage+WF.h"; sourceTree = "<group>"; };
		3E4317431C8ABF4A00456CD7 /* UIImage+WF.m */ = {isa = PBXFileReference; fileEncoding = 4; lastKnownFileType = sourcecode.c.objc; path = "UIImage+WF.m"; sourceTree = "<group>"; };
		3E4317441C8ABF4A00456CD7 /* UIScreen+WF.h */ = {isa = PBXFileReference; fileEncoding = 4; lastKnownFileType = sourcecode.c.h; path = "UIScreen+WF.h"; sourceTree = "<group>"; };
		3E4317451C8ABF4A00456CD7 /* UIScreen+WF.m */ = {isa = PBXFileReference; fileEncoding = 4; lastKnownFileType = sourcecode.c.objc; path = "UIScreen+WF.m"; sourceTree = "<group>"; };
		3E4317461C8ABF4A00456CD7 /* UIStoryboard+WF.h */ = {isa = PBXFileReference; fileEncoding = 4; lastKnownFileType = sourcecode.c.h; path = "UIStoryboard+WF.h"; sourceTree = "<group>"; };
		3E4317471C8ABF4A00456CD7 /* UIStoryboard+WF.m */ = {isa = PBXFileReference; fileEncoding = 4; lastKnownFileType = sourcecode.c.objc; path = "UIStoryboard+WF.m"; sourceTree = "<group>"; };
		3E4317481C8ABF4A00456CD7 /* UITextField+WF.h */ = {isa = PBXFileReference; fileEncoding = 4; lastKnownFileType = sourcecode.c.h; path = "UITextField+WF.h"; sourceTree = "<group>"; };
		3E4317491C8ABF4A00456CD7 /* UITextField+WF.m */ = {isa = PBXFileReference; fileEncoding = 4; lastKnownFileType = sourcecode.c.objc; path = "UITextField+WF.m"; sourceTree = "<group>"; };
		3E43174A1C8ABF4A00456CD7 /* UIView+WF.h */ = {isa = PBXFileReference; fileEncoding = 4; lastKnownFileType = sourcecode.c.h; path = "UIView+WF.h"; sourceTree = "<group>"; };
		3E43174B1C8ABF4A00456CD7 /* UIView+WF.m */ = {isa = PBXFileReference; fileEncoding = 4; lastKnownFileType = sourcecode.c.objc; path = "UIView+WF.m"; sourceTree = "<group>"; };
		3E4317531C8ABF5800456CD7 /* MBProgressHUD+HM.h */ = {isa = PBXFileReference; fileEncoding = 4; lastKnownFileType = sourcecode.c.h; path = "MBProgressHUD+HM.h"; sourceTree = "<group>"; };
		3E4317541C8ABF5800456CD7 /* MBProgressHUD+HM.m */ = {isa = PBXFileReference; fileEncoding = 4; lastKnownFileType = sourcecode.c.objc; path = "MBProgressHUD+HM.m"; sourceTree = "<group>"; };
		3E4317551C8ABF5800456CD7 /* MBProgressHUD.bundle */ = {isa = PBXFileReference; lastKnownFileType = "wrapper.plug-in"; path = MBProgressHUD.bundle; sourceTree = "<group>"; };
		3E4317561C8ABF5800456CD7 /* MBProgressHUD.h */ = {isa = PBXFileReference; fileEncoding = 4; lastKnownFileType = sourcecode.c.h; path = MBProgressHUD.h; sourceTree = "<group>"; };
		3E4317571C8ABF5800456CD7 /* MBProgressHUD.m */ = {isa = PBXFileReference; fileEncoding = 4; lastKnownFileType = sourcecode.c.objc; path = MBProgressHUD.m; sourceTree = "<group>"; };
		3E43175C1C8ABF6400456CD7 /* MKAnnotationView+WebCache.h */ = {isa = PBXFileReference; fileEncoding = 4; lastKnownFileType = sourcecode.c.h; path = "MKAnnotationView+WebCache.h"; sourceTree = "<group>"; };
		3E43175D1C8ABF6400456CD7 /* MKAnnotationView+WebCache.m */ = {isa = PBXFileReference; fileEncoding = 4; lastKnownFileType = sourcecode.c.objc; path = "MKAnnotationView+WebCache.m"; sourceTree = "<group>"; };
		3E43175E1C8ABF6400456CD7 /* NSData+ImageContentType.h */ = {isa = PBXFileReference; fileEncoding = 4; lastKnownFileType = sourcecode.c.h; path = "NSData+ImageContentType.h"; sourceTree = "<group>"; };
		3E43175F1C8ABF6400456CD7 /* NSData+ImageContentType.m */ = {isa = PBXFileReference; fileEncoding = 4; lastKnownFileType = sourcecode.c.objc; path = "NSData+ImageContentType.m"; sourceTree = "<group>"; };
		3E4317601C8ABF6400456CD7 /* SDImageCache.h */ = {isa = PBXFileReference; fileEncoding = 4; lastKnownFileType = sourcecode.c.h; path = SDImageCache.h; sourceTree = "<group>"; };
		3E4317611C8ABF6400456CD7 /* SDImageCache.m */ = {isa = PBXFileReference; fileEncoding = 4; lastKnownFileType = sourcecode.c.objc; path = SDImageCache.m; sourceTree = "<group>"; };
		3E4317621C8ABF6400456CD7 /* SDWebImageCompat.h */ = {isa = PBXFileReference; fileEncoding = 4; lastKnownFileType = sourcecode.c.h; path = SDWebImageCompat.h; sourceTree = "<group>"; };
		3E4317631C8ABF6400456CD7 /* SDWebImageCompat.m */ = {isa = PBXFileReference; fileEncoding = 4; lastKnownFileType = sourcecode.c.objc; path = SDWebImageCompat.m; sourceTree = "<group>"; };
		3E4317641C8ABF6400456CD7 /* SDWebImageDecoder.h */ = {isa = PBXFileReference; fileEncoding = 4; lastKnownFileType = sourcecode.c.h; path = SDWebImageDecoder.h; sourceTree = "<group>"; };
		3E4317651C8ABF6400456CD7 /* SDWebImageDecoder.m */ = {isa = PBXFileReference; fileEncoding = 4; lastKnownFileType = sourcecode.c.objc; path = SDWebImageDecoder.m; sourceTree = "<group>"; };
		3E4317661C8ABF6400456CD7 /* SDWebImageDownloader.h */ = {isa = PBXFileReference; fileEncoding = 4; lastKnownFileType = sourcecode.c.h; path = SDWebImageDownloader.h; sourceTree = "<group>"; };
		3E4317671C8ABF6400456CD7 /* SDWebImageDownloader.m */ = {isa = PBXFileReference; fileEncoding = 4; lastKnownFileType = sourcecode.c.objc; path = SDWebImageDownloader.m; sourceTree = "<group>"; };
		3E4317681C8ABF6400456CD7 /* SDWebImageDownloaderOperation.h */ = {isa = PBXFileReference; fileEncoding = 4; lastKnownFileType = sourcecode.c.h; path = SDWebImageDownloaderOperation.h; sourceTree = "<group>"; };
		3E4317691C8ABF6400456CD7 /* SDWebImageDownloaderOperation.m */ = {isa = PBXFileReference; fileEncoding = 4; lastKnownFileType = sourcecode.c.objc; path = SDWebImageDownloaderOperation.m; sourceTree = "<group>"; };
		3E43176A1C8ABF6400456CD7 /* SDWebImageManager.h */ = {isa = PBXFileReference; fileEncoding = 4; lastKnownFileType = sourcecode.c.h; path = SDWebImageManager.h; sourceTree = "<group>"; };
		3E43176B1C8ABF6400456CD7 /* SDWebImageManager.m */ = {isa = PBXFileReference; fileEncoding = 4; lastKnownFileType = sourcecode.c.objc; path = SDWebImageManager.m; sourceTree = "<group>"; };
		3E43176C1C8ABF6400456CD7 /* SDWebImageOperation.h */ = {isa = PBXFileReference; fileEncoding = 4; lastKnownFileType = sourcecode.c.h; path = SDWebImageOperation.h; sourceTree = "<group>"; };
		3E43176D1C8ABF6400456CD7 /* SDWebImagePrefetcher.h */ = {isa = PBXFileReference; fileEncoding = 4; lastKnownFileType = sourcecode.c.h; path = SDWebImagePrefetcher.h; sourceTree = "<group>"; };
		3E43176E1C8ABF6400456CD7 /* SDWebImagePrefetcher.m */ = {isa = PBXFileReference; fileEncoding = 4; lastKnownFileType = sourcecode.c.objc; path = SDWebImagePrefetcher.m; sourceTree = "<group>"; };
		3E43176F1C8ABF6400456CD7 /* UIButton+WebCache.h */ = {isa = PBXFileReference; fileEncoding = 4; lastKnownFileType = sourcecode.c.h; path = "UIButton+WebCache.h"; sourceTree = "<group>"; };
		3E4317701C8ABF6400456CD7 /* UIButton+WebCache.m */ = {isa = PBXFileReference; fileEncoding = 4; lastKnownFileType = sourcecode.c.objc; path = "UIButton+WebCache.m"; sourceTree = "<group>"; };
		3E4317711C8ABF6400456CD7 /* UIImage+GIF.h */ = {isa = PBXFileReference; fileEncoding = 4; lastKnownFileType = sourcecode.c.h; path = "UIImage+GIF.h"; sourceTree = "<group>"; };
		3E4317721C8ABF6400456CD7 /* UIImage+GIF.m */ = {isa = PBXFileReference; fileEncoding = 4; lastKnownFileType = sourcecode.c.objc; path = "UIImage+GIF.m"; sourceTree = "<group>"; };
		3E4317731C8ABF6400456CD7 /* UIImage+MultiFormat.h */ = {isa = PBXFileReference; fileEncoding = 4; lastKnownFileType = sourcecode.c.h; path = "UIImage+MultiFormat.h"; sourceTree = "<group>"; };
		3E4317741C8ABF6400456CD7 /* UIImage+MultiFormat.m */ = {isa = PBXFileReference; fileEncoding = 4; lastKnownFileType = sourcecode.c.objc; path = "UIImage+MultiFormat.m"; sourceTree = "<group>"; };
		3E4317751C8ABF6400456CD7 /* UIImage+WebP.h */ = {isa = PBXFileReference; fileEncoding = 4; lastKnownFileType = sourcecode.c.h; path = "UIImage+WebP.h"; sourceTree = "<group>"; };
		3E4317761C8ABF6400456CD7 /* UIImage+WebP.m */ = {isa = PBXFileReference; fileEncoding = 4; lastKnownFileType = sourcecode.c.objc; path = "UIImage+WebP.m"; sourceTree = "<group>"; };
		3E4317771C8ABF6400456CD7 /* UIImageView+HighlightedWebCache.h */ = {isa = PBXFileReference; fileEncoding = 4; lastKnownFileType = sourcecode.c.h; path = "UIImageView+HighlightedWebCache.h"; sourceTree = "<group>"; };
		3E4317781C8ABF6400456CD7 /* UIImageView+HighlightedWebCache.m */ = {isa = PBXFileReference; fileEncoding = 4; lastKnownFileType = sourcecode.c.objc; path = "UIImageView+HighlightedWebCache.m"; sourceTree = "<group>"; };
		3E4317791C8ABF6400456CD7 /* UIImageView+WebCache.h */ = {isa = PBXFileReference; fileEncoding = 4; lastKnownFileType = sourcecode.c.h; path = "UIImageView+WebCache.h"; sourceTree = "<group>"; };
		3E43177A1C8ABF6400456CD7 /* UIImageView+WebCache.m */ = {isa = PBXFileReference; fileEncoding = 4; lastKnownFileType = sourcecode.c.objc; path = "UIImageView+WebCache.m"; sourceTree = "<group>"; };
		3E43177B1C8ABF6400456CD7 /* UIView+WebCacheOperation.h */ = {isa = PBXFileReference; fileEncoding = 4; lastKnownFileType = sourcecode.c.h; path = "UIView+WebCacheOperation.h"; sourceTree = "<group>"; };
		3E43177C1C8ABF6400456CD7 /* UIView+WebCacheOperation.m */ = {isa = PBXFileReference; fileEncoding = 4; lastKnownFileType = sourcecode.c.objc; path = "UIView+WebCacheOperation.m"; sourceTree = "<group>"; };
		3E43178D1C8AC7EF00456CD7 /* YJRegisterViewController.h */ = {isa = PBXFileReference; fileEncoding = 4; lastKnownFileType = sourcecode.c.h; path = YJRegisterViewController.h; sourceTree = "<group>"; };
		3E43178E1C8AC7EF00456CD7 /* YJRegisterViewController.m */ = {isa = PBXFileReference; fileEncoding = 4; lastKnownFileType = sourcecode.c.objc; path = YJRegisterViewController.m; sourceTree = "<group>"; };
		3E4317911C8AC93100456CD7 /* HttpTool.h */ = {isa = PBXFileReference; fileEncoding = 4; lastKnownFileType = sourcecode.c.h; path = HttpTool.h; sourceTree = "<group>"; };
		3E4317921C8AC93100456CD7 /* HttpTool.m */ = {isa = PBXFileReference; fileEncoding = 4; lastKnownFileType = sourcecode.c.objc; path = HttpTool.m; sourceTree = "<group>"; };
		3E4317931C8AC93100456CD7 /* Singleton.h */ = {isa = PBXFileReference; fileEncoding = 4; lastKnownFileType = sourcecode.c.h; path = Singleton.h; sourceTree = "<group>"; };
		3E43179B1C8ACAE500456CD7 /* YJXMPPTool.h */ = {isa = PBXFileReference; fileEncoding = 4; lastKnownFileType = sourcecode.c.h; path = YJXMPPTool.h; sourceTree = "<group>"; };
		3E43179C1C8ACAE500456CD7 /* YJXMPPTool.m */ = {isa = PBXFileReference; fileEncoding = 4; lastKnownFileType = sourcecode.c.objc; path = YJXMPPTool.m; sourceTree = "<group>"; };
		3E5D7AEB1C8D4357007F22C1 /* YJAccount.h */ = {isa = PBXFileReference; fileEncoding = 4; lastKnownFileType = sourcecode.c.h; path = YJAccount.h; sourceTree = "<group>"; };
		3E5D7AEC1C8D4357007F22C1 /* YJAccount.m */ = {isa = PBXFileReference; fileEncoding = 4; lastKnownFileType = sourcecode.c.objc; path = YJAccount.m; sourceTree = "<group>"; };
		3E7BC6D61CA24D5100E2A0A7 /* YJDiscoverViewController.h */ = {isa = PBXFileReference; fileEncoding = 4; lastKnownFileType = sourcecode.c.h; path = YJDiscoverViewController.h; sourceTree = "<group>"; };
		3E7BC6D71CA24D5100E2A0A7 /* YJDiscoverViewController.m */ = {isa = PBXFileReference; fileEncoding = 4; lastKnownFileType = sourcecode.c.objc; path = YJDiscoverViewController.m; sourceTree = "<group>"; };
		3E7BC6D91CA2551200E2A0A7 /* YJCreatTaskViewController.h */ = {isa = PBXFileReference; fileEncoding = 4; lastKnownFileType = sourcecode.c.h; path = YJCreatTaskViewController.h; sourceTree = "<group>"; };
		3E7BC6DA1CA2551200E2A0A7 /* YJCreatTaskViewController.m */ = {isa = PBXFileReference; fileEncoding = 4; lastKnownFileType = sourcecode.c.objc; path = YJCreatTaskViewController.m; sourceTree = "<group>"; };
		3E7BC6DC1CA25A8B00E2A0A7 /* YJContentViewController.h */ = {isa = PBXFileReference; fileEncoding = 4; lastKnownFileType = sourcecode.c.h; path = YJContentViewController.h; sourceTree = "<group>"; };
		3E7BC6DD1CA25A8B00E2A0A7 /* YJContentViewController.m */ = {isa = PBXFileReference; fileEncoding = 4; lastKnownFileType = sourcecode.c.objc; path = YJContentViewController.m; sourceTree = "<group>"; };
		3E7BC6DF1CA263F600E2A0A7 /* YJToolbar.h */ = {isa = PBXFileReference; fileEncoding = 4; lastKnownFileType = sourcecode.c.h; path = YJToolbar.h; sourceTree = "<group>"; };
		3E7BC6E01CA263F600E2A0A7 /* YJToolbar.m */ = {isa = PBXFileReference; fileEncoding = 4; lastKnownFileType = sourcecode.c.objc; path = YJToolbar.m; sourceTree = "<group>"; };
		3E7BC6E21CA2641600E2A0A7 /* YJToolbar.xib */ = {isa = PBXFileReference; fileEncoding = 4; lastKnownFileType = file.xib; path = YJToolbar.xib; sourceTree = "<group>"; };
		3E9858FB1CB4BE0C00769EF0 /* YJTask.h */ = {isa = PBXFileReference; fileEncoding = 4; lastKnownFileType = sourcecode.c.h; path = YJTask.h; sourceTree = "<group>"; };
		3E9858FC1CB4BE0C00769EF0 /* YJTask.m */ = {isa = PBXFileReference; fileEncoding = 4; lastKnownFileType = sourcecode.c.objc; path = YJTask.m; sourceTree = "<group>"; };
		3EA9D9441CA2CD2A002883C5 /* NSString+Helper.h */ = {isa = PBXFileReference; fileEncoding = 4; lastKnownFileType = sourcecode.c.h; path = "NSString+Helper.h"; sourceTree = "<group>"; };
		3EA9D9451CA2CD2A002883C5 /* NSString+Helper.m */ = {isa = PBXFileReference; fileEncoding = 4; lastKnownFileType = sourcecode.c.objc; path = "NSString+Helper.m"; sourceTree = "<group>"; };
		3EA9D94A1CA2D08E002883C5 /* YJQcodeViewController.h */ = {isa = PBXFileReference; fileEncoding = 4; lastKnownFileType = sourcecode.c.h; path = YJQcodeViewController.h; sourceTree = "<group>"; };
		3EA9D94B1CA2D08E002883C5 /* YJQcodeViewController.m */ = {isa = PBXFileReference; fileEncoding = 4; lastKnownFileType = sourcecode.c.objc; path = YJQcodeViewController.m; sourceTree = "<group>"; };
		3EB033461CF06C5A008C1092 /* MJRefreshAutoFooter.h */ = {isa = PBXFileReference; fileEncoding = 4; lastKnownFileType = sourcecode.c.h; path = MJRefreshAutoFooter.h; sourceTree = "<group>"; };
		3EB033471CF06C5A008C1092 /* MJRefreshAutoFooter.m */ = {isa = PBXFileReference; fileEncoding = 4; lastKnownFileType = sourcecode.c.objc; path = MJRefreshAutoFooter.m; sourceTree = "<group>"; };
		3EB033481CF06C5A008C1092 /* MJRefreshBackFooter.h */ = {isa = PBXFileReference; fileEncoding = 4; lastKnownFileType = sourcecode.c.h; path = MJRefreshBackFooter.h; sourceTree = "<group>"; };
		3EB033491CF06C5A008C1092 /* MJRefreshBackFooter.m */ = {isa = PBXFileReference; fileEncoding = 4; lastKnownFileType = sourcecode.c.objc; path = MJRefreshBackFooter.m; sourceTree = "<group>"; };
		3EB0334A1CF06C5A008C1092 /* MJRefreshComponent.h */ = {isa = PBXFileReference; fileEncoding = 4; lastKnownFileType = sourcecode.c.h; path = MJRefreshComponent.h; sourceTree = "<group>"; };
		3EB0334B1CF06C5A008C1092 /* MJRefreshComponent.m */ = {isa = PBXFileReference; fileEncoding = 4; lastKnownFileType = sourcecode.c.objc; path = MJRefreshComponent.m; sourceTree = "<group>"; };
		3EB0334C1CF06C5A008C1092 /* MJRefreshFooter.h */ = {isa = PBXFileReference; fileEncoding = 4; lastKnownFileType = sourcecode.c.h; path = MJRefreshFooter.h; sourceTree = "<group>"; };
		3EB0334D1CF06C5A008C1092 /* MJRefreshFooter.m */ = {isa = PBXFileReference; fileEncoding = 4; lastKnownFileType = sourcecode.c.objc; path = MJRefreshFooter.m; sourceTree = "<group>"; };
		3EB0334E1CF06C5A008C1092 /* MJRefreshHeader.h */ = {isa = PBXFileReference; fileEncoding = 4; lastKnownFileType = sourcecode.c.h; path = MJRefreshHeader.h; sourceTree = "<group>"; };
		3EB0334F1CF06C5A008C1092 /* MJRefreshHeader.m */ = {isa = PBXFileReference; fileEncoding = 4; lastKnownFileType = sourcecode.c.objc; path = MJRefreshHeader.m; sourceTree = "<group>"; };
		3EB033531CF06C5A008C1092 /* MJRefreshAutoGifFooter.h */ = {isa = PBXFileReference; fileEncoding = 4; lastKnownFileType = sourcecode.c.h; path = MJRefreshAutoGifFooter.h; sourceTree = "<group>"; };
		3EB033541CF06C5A008C1092 /* MJRefreshAutoGifFooter.m */ = {isa = PBXFileReference; fileEncoding = 4; lastKnownFileType = sourcecode.c.objc; path = MJRefreshAutoGifFooter.m; sourceTree = "<group>"; };
		3EB033551CF06C5A008C1092 /* MJRefreshAutoNormalFooter.h */ = {isa = PBXFileReference; fileEncoding = 4; lastKnownFileType = sourcecode.c.h; path = MJRefreshAutoNormalFooter.h; sourceTree = "<group>"; };
		3EB033561CF06C5A008C1092 /* MJRefreshAutoNormalFooter.m */ = {isa = PBXFileReference; fileEncoding = 4; lastKnownFileType = sourcecode.c.objc; path = MJRefreshAutoNormalFooter.m; sourceTree = "<group>"; };
		3EB033571CF06C5A008C1092 /* MJRefreshAutoStateFooter.h */ = {isa = PBXFileReference; fileEncoding = 4; lastKnownFileType = sourcecode.c.h; path = MJRefreshAutoStateFooter.h; sourceTree = "<group>"; };
		3EB033581CF06C5A008C1092 /* MJRefreshAutoStateFooter.m */ = {isa = PBXFileReference; fileEncoding = 4; lastKnownFileType = sourcecode.c.objc; path = MJRefreshAutoStateFooter.m; sourceTree = "<group>"; };
		3EB0335A1CF06C5A008C1092 /* MJRefreshBackGifFooter.h */ = {isa = PBXFileReference; fileEncoding = 4; lastKnownFileType = sourcecode.c.h; path = MJRefreshBackGifFooter.h; sourceTree = "<group>"; };
		3EB0335B1CF06C5A008C1092 /* MJRefreshBackGifFooter.m */ = {isa = PBXFileReference; fileEncoding = 4; lastKnownFileType = sourcecode.c.objc; path = MJRefreshBackGifFooter.m; sourceTree = "<group>"; };
		3EB0335C1CF06C5A008C1092 /* MJRefreshBackNormalFooter.h */ = {isa = PBXFileReference; fileEncoding = 4; lastKnownFileType = sourcecode.c.h; path = MJRefreshBackNormalFooter.h; sourceTree = "<group>"; };
		3EB0335D1CF06C5A008C1092 /* MJRefreshBackNormalFooter.m */ = {isa = PBXFileReference; fileEncoding = 4; lastKnownFileType = sourcecode.c.objc; path = MJRefreshBackNormalFooter.m; sourceTree = "<group>"; };
		3EB0335E1CF06C5A008C1092 /* MJRefreshBackStateFooter.h */ = {isa = PBXFileReference; fileEncoding = 4; lastKnownFileType = sourcecode.c.h; path = MJRefreshBackStateFooter.h; sourceTree = "<group>"; };
		3EB0335F1CF06C5A008C1092 /* MJRefreshBackStateFooter.m */ = {isa = PBXFileReference; fileEncoding = 4; lastKnownFileType = sourcecode.c.objc; path = MJRefreshBackStateFooter.m; sourceTree = "<group>"; };
		3EB033611CF06C5A008C1092 /* MJRefreshGifHeader.h */ = {isa = PBXFileReference; fileEncoding = 4; lastKnownFileType = sourcecode.c.h; path = MJRefreshGifHeader.h; sourceTree = "<group>"; };
		3EB033621CF06C5A008C1092 /* MJRefreshGifHeader.m */ = {isa = PBXFileReference; fileEncoding = 4; lastKnownFileType = sourcecode.c.objc; path = MJRefreshGifHeader.m; sourceTree = "<group>"; };
		3EB033631CF06C5A008C1092 /* MJRefreshNormalHeader.h */ = {isa = PBXFileReference; fileEncoding = 4; lastKnownFileType = sourcecode.c.h; path = MJRefreshNormalHeader.h; sourceTree = "<group>"; };
		3EB033641CF06C5A008C1092 /* MJRefreshNormalHeader.m */ = {isa = PBXFileReference; fileEncoding = 4; lastKnownFileType = sourcecode.c.objc; path = MJRefreshNormalHeader.m; sourceTree = "<group>"; };
		3EB033651CF06C5A008C1092 /* MJRefreshStateHeader.h */ = {isa = PBXFileReference; fileEncoding = 4; lastKnownFileType = sourcecode.c.h; path = MJRefreshStateHeader.h; sourceTree = "<group>"; };
		3EB033661CF06C5A008C1092 /* MJRefreshStateHeader.m */ = {isa = PBXFileReference; fileEncoding = 4; lastKnownFileType = sourcecode.c.objc; path = MJRefreshStateHeader.m; sourceTree = "<group>"; };
		3EB033671CF06C5A008C1092 /* MJRefresh.bundle */ = {isa = PBXFileReference; lastKnownFileType = "wrapper.plug-in"; path = MJRefresh.bundle; sourceTree = "<group>"; };
		3EB033681CF06C5A008C1092 /* MJRefresh.h */ = {isa = PBXFileReference; fileEncoding = 4; lastKnownFileType = sourcecode.c.h; path = MJRefresh.h; sourceTree = "<group>"; };
		3EB033691CF06C5A008C1092 /* MJRefreshConst.h */ = {isa = PBXFileReference; fileEncoding = 4; lastKnownFileType = sourcecode.c.h; path = MJRefreshConst.h; sourceTree = "<group>"; };
		3EB0336A1CF06C5A008C1092 /* MJRefreshConst.m */ = {isa = PBXFileReference; fileEncoding = 4; lastKnownFileType = sourcecode.c.objc; path = MJRefreshConst.m; sourceTree = "<group>"; };
		3EB0336B1CF06C5A008C1092 /* UIScrollView+MJExtension.h */ = {isa = PBXFileReference; fileEncoding = 4; lastKnownFileType = sourcecode.c.h; path = "UIScrollView+MJExtension.h"; sourceTree = "<group>"; };
		3EB0336C1CF06C5A008C1092 /* UIScrollView+MJExtension.m */ = {isa = PBXFileReference; fileEncoding = 4; lastKnownFileType = sourcecode.c.objc; path = "UIScrollView+MJExtension.m"; sourceTree = "<group>"; };
		3EB0336D1CF06C5A008C1092 /* UIScrollView+MJRefresh.h */ = {isa = PBXFileReference; fileEncoding = 4; lastKnownFileType = sourcecode.c.h; path = "UIScrollView+MJRefresh.h"; sourceTree = "<group>"; };
		3EB0336E1CF06C5A008C1092 /* UIScrollView+MJRefresh.m */ = {isa = PBXFileReference; fileEncoding = 4; lastKnownFileType = sourcecode.c.objc; path = "UIScrollView+MJRefresh.m"; sourceTree = "<group>"; };
		3EB0336F1CF06C5A008C1092 /* UIView+MJExtension.h */ = {isa = PBXFileReference; fileEncoding = 4; lastKnownFileType = sourcecode.c.h; path = "UIView+MJExtension.h"; sourceTree = "<group>"; };
		3EB033701CF06C5A008C1092 /* UIView+MJExtension.m */ = {isa = PBXFileReference; fileEncoding = 4; lastKnownFileType = sourcecode.c.objc; path = "UIView+MJExtension.m"; sourceTree = "<group>"; };
		3EB033841CF17E4B008C1092 /* tasks.plist */ = {isa = PBXFileReference; fileEncoding = 4; lastKnownFileType = text.plist.xml; path = tasks.plist; sourceTree = "<group>"; };
		3EB033861CF2C9C1008C1092 /* YJDiscoverTableViewCell.h */ = {isa = PBXFileReference; fileEncoding = 4; lastKnownFileType = sourcecode.c.h; path = YJDiscoverTableViewCell.h; sourceTree = "<group>"; };
		3EB033871CF2C9C1008C1092 /* YJDiscoverTableViewCell.m */ = {isa = PBXFileReference; fileEncoding = 4; lastKnownFileType = sourcecode.c.objc; path = YJDiscoverTableViewCell.m; sourceTree = "<group>"; };
		3EB033891CF2CA68008C1092 /* YJCellFrame.h */ = {isa = PBXFileReference; fileEncoding = 4; lastKnownFileType = sourcecode.c.h; path = YJCellFrame.h; sourceTree = "<group>"; };
		3EB0338A1CF2CA68008C1092 /* YJCellFrame.m */ = {isa = PBXFileReference; fileEncoding = 4; lastKnownFileType = sourcecode.c.objc; path = YJCellFrame.m; sourceTree = "<group>"; };
		3EC006471C8DAC070049507C /* YJMeTableViewController.h */ = {isa = PBXFileReference; fileEncoding = 4; lastKnownFileType = sourcecode.c.h; path = YJMeTableViewController.h; sourceTree = "<group>"; };
		3EC006481C8DAC070049507C /* YJMeTableViewController.m */ = {isa = PBXFileReference; fileEncoding = 4; lastKnownFileType = sourcecode.c.objc; path = YJMeTableViewController.m; sourceTree = "<group>"; };
		3EC0064A1C8DBCFF0049507C /* YJInfoViewController.h */ = {isa = PBXFileReference; fileEncoding = 4; lastKnownFileType = sourcecode.c.h; path = YJInfoViewController.h; sourceTree = "<group>"; };
		3EC0064B1C8DBCFF0049507C /* YJInfoViewController.m */ = {isa = PBXFileReference; fileEncoding = 4; lastKnownFileType = sourcecode.c.objc; path = YJInfoViewController.m; sourceTree = "<group>"; };
		3EC0064F1C8E9F2E0049507C /* YJEditViewController.h */ = {isa = PBXFileReference; fileEncoding = 4; lastKnownFileType = sourcecode.c.h; path = YJEditViewController.h; sourceTree = "<group>"; };
		3EC006501C8E9F2E0049507C /* YJEditViewController.m */ = {isa = PBXFileReference; fileEncoding = 4; lastKnownFileType = sourcecode.c.objc; path = YJEditViewController.m; sourceTree = "<group>"; };
		3EC006561C8FEFEB0049507C /* XMPPWechat_Prefix.pch */ = {isa = PBXFileReference; fileEncoding = 4; lastKnownFileType = sourcecode.c.h; path = XMPPWechat_Prefix.pch; sourceTree = "<group>"; };
		3EC006671C90087C0049507C /* YJContantTableViewController.h */ = {isa = PBXFileReference; fileEncoding = 4; lastKnownFileType = sourcecode.c.h; path = YJContantTableViewController.h; sourceTree = "<group>"; };
		3EC006681C90087C0049507C /* YJContantTableViewController.m */ = {isa = PBXFileReference; fileEncoding = 4; lastKnownFileType = sourcecode.c.objc; path = YJContantTableViewController.m; sourceTree = "<group>"; };
		3EC0066A1C9008980049507C /* YJAddContantViewController.h */ = {isa = PBXFileReference; fileEncoding = 4; lastKnownFileType = sourcecode.c.h; path = YJAddContantViewController.h; sourceTree = "<group>"; };
		3EC0066B1C9008980049507C /* YJAddContantViewController.m */ = {isa = PBXFileReference; fileEncoding = 4; lastKnownFileType = sourcecode.c.objc; path = YJAddContantViewController.m; sourceTree = "<group>"; };
		3EEBB1571C969D49007D06EA /* YJChatViewController.h */ = {isa = PBXFileReference; fileEncoding = 4; lastKnownFileType = sourcecode.c.h; path = YJChatViewController.h; sourceTree = "<group>"; };
		3EEBB1581C969D49007D06EA /* YJChatViewController.m */ = {isa = PBXFileReference; fileEncoding = 4; lastKnownFileType = sourcecode.c.objc; path = YJChatViewController.m; sourceTree = "<group>"; };
		47C5E57EA04FF779F493C38C /* Pods-XMPPWechat.debug.xcconfig */ = {isa = PBXFileReference; includeInIndex = 1; lastKnownFileType = text.xcconfig; name = "Pods-XMPPWechat.debug.xcconfig"; path = "Target Support Files/Pods-XMPPWechat/Pods-XMPPWechat.debug.xcconfig"; sourceTree = "<group>"; };
		4AA0D286F1458B2D44038411 /* Pods_XMPPWechat_XMPPWechatUITests.framework */ = {isa = PBXFileReference; explicitFileType = wrapper.framework; includeInIndex = 0; path = Pods_XMPPWechat_XMPPWechatUITests.framework; sourceTree = BUILT_PRODUCTS_DIR; };
		528F78161487850F57815671 /* Pods-XMPPWechat.release.xcconfig */ = {isa = PBXFileReference; includeInIndex = 1; lastKnownFileType = text.xcconfig; name = "Pods-XMPPWechat.release.xcconfig"; path = "Target Support Files/Pods-XMPPWechat/Pods-XMPPWechat.release.xcconfig"; sourceTree = "<group>"; };
		C44FFAC3634DCF155CF63436 /* Pods_XMPPWechat.framework */ = {isa = PBXFileReference; explicitFileType = wrapper.framework; includeInIndex = 0; path = Pods_XMPPWechat.framework; sourceTree = BUILT_PRODUCTS_DIR; };
		FD763C4E0B7D26D73BD0E314 /* Pods_XMPPWechatTests.framework */ = {isa = PBXFileReference; explicitFileType = wrapper.framework; includeInIndex = 0; path = Pods_XMPPWechatTests.framework; sourceTree = BUILT_PRODUCTS_DIR; };
/* End PBXFileReference section */

/* Begin PBXFrameworksBuildPhase section */
		3E430F071C8A9D1C00456CD7 /* Frameworks */ = {
			isa = PBXFrameworksBuildPhase;
			buildActionMask = 2147483647;
			files = (
				611A2889C6BDD775C7508913 /* Pods_XMPPWechat.framework in Frameworks */,
			);
			runOnlyForDeploymentPostprocessing = 0;
		};
		3E430F201C8A9D1D00456CD7 /* Frameworks */ = {
			isa = PBXFrameworksBuildPhase;
			buildActionMask = 2147483647;
			files = (
				78697B5F7865B304B38120E6 /* Pods_XMPPWechatTests.framework in Frameworks */,
			);
			runOnlyForDeploymentPostprocessing = 0;
		};
		3E430F2B1C8A9D1D00456CD7 /* Frameworks */ = {
			isa = PBXFrameworksBuildPhase;
			buildActionMask = 2147483647;
			files = (
				675025672AF6FB76A7BD9073 /* Pods_XMPPWechat_XMPPWechatUITests.framework in Frameworks */,
			);
			runOnlyForDeploymentPostprocessing = 0;
		};
/* End PBXFrameworksBuildPhase section */

/* Begin PBXGroup section */
		1F93A59A4BB3AA720B24E129 /* Pods */ = {
			isa = PBXGroup;
			children = (
				47C5E57EA04FF779F493C38C /* Pods-XMPPWechat.debug.xcconfig */,
				528F78161487850F57815671 /* Pods-XMPPWechat.release.xcconfig */,
				1819DE2B2ACCB5911137EE6B /* Pods-XMPPWechat-XMPPWechatUITests.debug.xcconfig */,
				36A86DE3083D503B918D3A2D /* Pods-XMPPWechat-XMPPWechatUITests.release.xcconfig */,
				14D7689093A8ABF5699BE381 /* Pods-XMPPWechatTests.debug.xcconfig */,
				384DF871515A3665BEB163B2 /* Pods-XMPPWechatTests.release.xcconfig */,
			);
			path = Pods;
			sourceTree = "<group>";
		};
		3E26A48E1CA12306006FFD99 /* Security */ = {
			isa = PBXGroup;
			children = (
				3E26A48F1CA12306006FFD99 /* NSString+Hash.h */,
				3E26A4901CA12306006FFD99 /* NSString+Hash.m */,
			);
			path = Security;
			sourceTree = "<group>";
		};
		3E430F011C8A9D1C00456CD7 = {
			isa = PBXGroup;
			children = (
				3E430F0C1C8A9D1C00456CD7 /* XMPPWechat */,
				3E430F261C8A9D1D00456CD7 /* XMPPWechatTests */,
				3E430F311C8A9D1D00456CD7 /* XMPPWechatUITests */,
				3E430F0B1C8A9D1C00456CD7 /* Products */,
				1F93A59A4BB3AA720B24E129 /* Pods */,
				EE9C96B6E6B60E1CE1BB78A5 /* Frameworks */,
			);
			sourceTree = "<group>";
		};
		3E430F0B1C8A9D1C00456CD7 /* Products */ = {
			isa = PBXGroup;
			children = (
				3E430F0A1C8A9D1C00456CD7 /* XMPPWechat.app */,
				3E430F231C8A9D1D00456CD7 /* XMPPWechatTests.xctest */,
				3E430F2E1C8A9D1D00456CD7 /* XMPPWechatUITests.xctest */,
			);
			name = Products;
			sourceTree = "<group>";
		};
		3E430F0C1C8A9D1C00456CD7 /* XMPPWechat */ = {
			isa = PBXGroup;
			children = (
				3E430F431C8A9E1100456CD7 /* Others */,
				3E430F421C8A9E0700456CD7 /* Classes */,
				3E430F411C8A9DFF00456CD7 /* Views */,
				3E430F401C8A9DF300456CD7 /* models */,
				3E430F0D1C8A9D1C00456CD7 /* Supporting Files */,
			);
			path = XMPPWechat;
			sourceTree = "<group>";
		};
		3E430F0D1C8A9D1C00456CD7 /* Supporting Files */ = {
			isa = PBXGroup;
			children = (
				3E430F1E1C8A9D1C00456CD7 /* Info.plist */,
				3E430F191C8A9D1C00456CD7 /* Assets.xcassets */,
				3E430F0E1C8A9D1C00456CD7 /* main.m */,
				3EC006561C8FEFEB0049507C /* XMPPWechat_Prefix.pch */,
				3EB033841CF17E4B008C1092 /* tasks.plist */,
				3E11B73C1CFAC97100D2F230 /* commends.plist */,
			);
			name = "Supporting Files";
			sourceTree = "<group>";
		};
		3E430F261C8A9D1D00456CD7 /* XMPPWechatTests */ = {
			isa = PBXGroup;
			children = (
				3E430F271C8A9D1D00456CD7 /* XMPPWechatTests.m */,
				3E430F291C8A9D1D00456CD7 /* Info.plist */,
			);
			path = XMPPWechatTests;
			sourceTree = "<group>";
		};
		3E430F311C8A9D1D00456CD7 /* XMPPWechatUITests */ = {
			isa = PBXGroup;
			children = (
				3E430F321C8A9D1D00456CD7 /* XMPPWechatUITests.m */,
				3E430F341C8A9D1D00456CD7 /* Info.plist */,
			);
			path = XMPPWechatUITests;
			sourceTree = "<group>";
		};
		3E430F401C8A9DF300456CD7 /* models */ = {
			isa = PBXGroup;
			children = (
				3E7BC6DF1CA263F600E2A0A7 /* YJToolbar.h */,
				3E7BC6E01CA263F600E2A0A7 /* YJToolbar.m */,
				3E5D7AEB1C8D4357007F22C1 /* YJAccount.h */,
				3E5D7AEC1C8D4357007F22C1 /* YJAccount.m */,
				3E9858FB1CB4BE0C00769EF0 /* YJTask.h */,
				3E9858FC1CB4BE0C00769EF0 /* YJTask.m */,
				3EB033891CF2CA68008C1092 /* YJCellFrame.h */,
				3EB0338A1CF2CA68008C1092 /* YJCellFrame.m */,
			);
			name = models;
			sourceTree = "<group>";
		};
		3E430F411C8A9DFF00456CD7 /* Views */ = {
			isa = PBXGroup;
			children = (
				3E430F161C8A9D1C00456CD7 /* Main.storyboard */,
				3E430F1B1C8A9D1C00456CD7 /* LaunchScreen.storyboard */,
				3E4317371C8AB29700456CD7 /* ConnectView.storyboard */,
				3E7BC6E21CA2641600E2A0A7 /* YJToolbar.xib */,
			);
			name = Views;
			sourceTree = "<group>";
		};
		3E430F421C8A9E0700456CD7 /* Classes */ = {
			isa = PBXGroup;
			children = (
				3E430F451C8A9E2300456CD7 /* Controllers */,
				3E430F441C8A9E1C00456CD7 /* lib */,
			);
			name = Classes;
			sourceTree = "<group>";
		};
		3E430F431C8A9E1100456CD7 /* Others */ = {
			isa = PBXGroup;
			children = (
				3E430F101C8A9D1C00456CD7 /* AppDelegate.h */,
				3E430F111C8A9D1C00456CD7 /* AppDelegate.m */,
			);
			name = Others;
			sourceTree = "<group>";
		};
		3E430F441C8A9E1C00456CD7 /* lib */ = {
			isa = PBXGroup;
			children = (
				3EB033441CF06C5A008C1092 /* MJRefresh */,
				3EA9D9441CA2CD2A002883C5 /* NSString+Helper.h */,
				3EA9D9451CA2CD2A002883C5 /* NSString+Helper.m */,
				3E26A48E1CA12306006FFD99 /* Security */,
				3E43175B1C8ABF6400456CD7 /* SDWebImage */,
				3E4317521C8ABF5800456CD7 /* MBProgessHUD */,
				3E43173E1C8ABF4A00456CD7 /* Category */,
			);
			name = lib;
			sourceTree = "<group>";
		};
		3E430F451C8A9E2300456CD7 /* Controllers */ = {
			isa = PBXGroup;
			children = (
				3E4317901C8AC92400456CD7 /* tool */,
				3E43173A1C8AB50900456CD7 /* main */,
				3E4317391C8AB50200456CD7 /* login */,
			);
			name = Controllers;
			sourceTree = "<group>";
		};
		3E4317391C8AB50200456CD7 /* login */ = {
			isa = PBXGroup;
			children = (
				3E43173B1C8AB72300456CD7 /* YJLoginViewController.h */,
				3E43173C1C8AB72300456CD7 /* YJLoginViewController.m */,
				3E43178D1C8AC7EF00456CD7 /* YJRegisterViewController.h */,
				3E43178E1C8AC7EF00456CD7 /* YJRegisterViewController.m */,
			);
			name = login;
			sourceTree = "<group>";
		};
		3E43173A1C8AB50900456CD7 /* main */ = {
			isa = PBXGroup;
			children = (
				3E7BC6E41CA2797E00E2A0A7 /* Contact */,
				3E7BC6E61CA2799800E2A0A7 /* discover */,
				3EC0064D1C8E9F090049507C /* ME */,
			);
			name = main;
			sourceTree = "<group>";
		};
		3E43173E1C8ABF4A00456CD7 /* Category */ = {
			isa = PBXGroup;
			children = (
				3E43173F1C8ABF4A00456CD7 /* CategoryWF.h */,
				3E4317401C8ABF4A00456CD7 /* UIButton+WF.h */,
				3E4317411C8ABF4A00456CD7 /* UIButton+WF.m */,
				3E4317421C8ABF4A00456CD7 /* UIImage+WF.h */,
				3E4317431C8ABF4A00456CD7 /* UIImage+WF.m */,
				3E4317441C8ABF4A00456CD7 /* UIScreen+WF.h */,
				3E4317451C8ABF4A00456CD7 /* UIScreen+WF.m */,
				3E4317461C8ABF4A00456CD7 /* UIStoryboard+WF.h */,
				3E4317471C8ABF4A00456CD7 /* UIStoryboard+WF.m */,
				3E4317481C8ABF4A00456CD7 /* UITextField+WF.h */,
				3E4317491C8ABF4A00456CD7 /* UITextField+WF.m */,
				3E43174A1C8ABF4A00456CD7 /* UIView+WF.h */,
				3E43174B1C8ABF4A00456CD7 /* UIView+WF.m */,
			);
			path = Category;
			sourceTree = "<group>";
		};
		3E4317521C8ABF5800456CD7 /* MBProgessHUD */ = {
			isa = PBXGroup;
			children = (
				3E4317531C8ABF5800456CD7 /* MBProgressHUD+HM.h */,
				3E4317541C8ABF5800456CD7 /* MBProgressHUD+HM.m */,
				3E4317551C8ABF5800456CD7 /* MBProgressHUD.bundle */,
				3E4317561C8ABF5800456CD7 /* MBProgressHUD.h */,
				3E4317571C8ABF5800456CD7 /* MBProgressHUD.m */,
			);
			path = MBProgessHUD;
			sourceTree = "<group>";
		};
		3E43175B1C8ABF6400456CD7 /* SDWebImage */ = {
			isa = PBXGroup;
			children = (
				3E43175C1C8ABF6400456CD7 /* MKAnnotationView+WebCache.h */,
				3E43175D1C8ABF6400456CD7 /* MKAnnotationView+WebCache.m */,
				3E43175E1C8ABF6400456CD7 /* NSData+ImageContentType.h */,
				3E43175F1C8ABF6400456CD7 /* NSData+ImageContentType.m */,
				3E4317601C8ABF6400456CD7 /* SDImageCache.h */,
				3E4317611C8ABF6400456CD7 /* SDImageCache.m */,
				3E4317621C8ABF6400456CD7 /* SDWebImageCompat.h */,
				3E4317631C8ABF6400456CD7 /* SDWebImageCompat.m */,
				3E4317641C8ABF6400456CD7 /* SDWebImageDecoder.h */,
				3E4317651C8ABF6400456CD7 /* SDWebImageDecoder.m */,
				3E4317661C8ABF6400456CD7 /* SDWebImageDownloader.h */,
				3E4317671C8ABF6400456CD7 /* SDWebImageDownloader.m */,
				3E4317681C8ABF6400456CD7 /* SDWebImageDownloaderOperation.h */,
				3E4317691C8ABF6400456CD7 /* SDWebImageDownloaderOperation.m */,
				3E43176A1C8ABF6400456CD7 /* SDWebImageManager.h */,
				3E43176B1C8ABF6400456CD7 /* SDWebImageManager.m */,
				3E43176C1C8ABF6400456CD7 /* SDWebImageOperation.h */,
				3E43176D1C8ABF6400456CD7 /* SDWebImagePrefetcher.h */,
				3E43176E1C8ABF6400456CD7 /* SDWebImagePrefetcher.m */,
				3E43176F1C8ABF6400456CD7 /* UIButton+WebCache.h */,
				3E4317701C8ABF6400456CD7 /* UIButton+WebCache.m */,
				3E4317711C8ABF6400456CD7 /* UIImage+GIF.h */,
				3E4317721C8ABF6400456CD7 /* UIImage+GIF.m */,
				3E4317731C8ABF6400456CD7 /* UIImage+MultiFormat.h */,
				3E4317741C8ABF6400456CD7 /* UIImage+MultiFormat.m */,
				3E4317751C8ABF6400456CD7 /* UIImage+WebP.h */,
				3E4317761C8ABF6400456CD7 /* UIImage+WebP.m */,
				3E4317771C8ABF6400456CD7 /* UIImageView+HighlightedWebCache.h */,
				3E4317781C8ABF6400456CD7 /* UIImageView+HighlightedWebCache.m */,
				3E4317791C8ABF6400456CD7 /* UIImageView+WebCache.h */,
				3E43177A1C8ABF6400456CD7 /* UIImageView+WebCache.m */,
				3E43177B1C8ABF6400456CD7 /* UIView+WebCacheOperation.h */,
				3E43177C1C8ABF6400456CD7 /* UIView+WebCacheOperation.m */,
			);
			path = SDWebImage;
			sourceTree = "<group>";
		};
		3E4317901C8AC92400456CD7 /* tool */ = {
			isa = PBXGroup;
			children = (
				3E4317911C8AC93100456CD7 /* HttpTool.h */,
				3E4317921C8AC93100456CD7 /* HttpTool.m */,
				3E4317931C8AC93100456CD7 /* Singleton.h */,
				3E43179B1C8ACAE500456CD7 /* YJXMPPTool.h */,
				3E43179C1C8ACAE500456CD7 /* YJXMPPTool.m */,
			);
			name = tool;
			sourceTree = "<group>";
		};
		3E7BC6E41CA2797E00E2A0A7 /* Contact */ = {
			isa = PBXGroup;
			children = (
				3EC006671C90087C0049507C /* YJContantTableViewController.h */,
				3EC006681C90087C0049507C /* YJContantTableViewController.m */,
				3EC0066A1C9008980049507C /* YJAddContantViewController.h */,
				3EC0066B1C9008980049507C /* YJAddContantViewController.m */,
				3EEBB1571C969D49007D06EA /* YJChatViewController.h */,
				3EEBB1581C969D49007D06EA /* YJChatViewController.m */,
			);
			name = Contact;
			sourceTree = "<group>";
		};
		3E7BC6E61CA2799800E2A0A7 /* discover */ = {
			isa = PBXGroup;
			children = (
				3E26A4921CA127D5006FFD99 /* YJWebViewController.h */,
				3E26A4931CA127D5006FFD99 /* YJWebViewController.m */,
				3E7BC6D61CA24D5100E2A0A7 /* YJDiscoverViewController.h */,
				3E7BC6D71CA24D5100E2A0A7 /* YJDiscoverViewController.m */,
				3E7BC6D91CA2551200E2A0A7 /* YJCreatTaskViewController.h */,
				3E7BC6DA1CA2551200E2A0A7 /* YJCreatTaskViewController.m */,
				3E7BC6DC1CA25A8B00E2A0A7 /* YJContentViewController.h */,
				3E7BC6DD1CA25A8B00E2A0A7 /* YJContentViewController.m */,
				3EB033861CF2C9C1008C1092 /* YJDiscoverTableViewCell.h */,
				3EB033871CF2C9C1008C1092 /* YJDiscoverTableViewCell.m */,
				3E11B7391CFABDB000D2F230 /* YJDiscoverDetailViewController.h */,
				3E11B73A1CFABDB000D2F230 /* YJDiscoverDetailViewController.m */,
				3E11B73E1CFAD42E00D2F230 /* YJCommendViewController.h */,
				3E11B73F1CFAD42E00D2F230 /* YJCommendViewController.m */,
			);
			name = discover;
			sourceTree = "<group>";
		};
		3EB033441CF06C5A008C1092 /* MJRefresh */ = {
			isa = PBXGroup;
			children = (
				3EB033451CF06C5A008C1092 /* Base */,
				3EB033501CF06C5A008C1092 /* Custom */,
				3EB033671CF06C5A008C1092 /* MJRefresh.bundle */,
				3EB033681CF06C5A008C1092 /* MJRefresh.h */,
				3EB033691CF06C5A008C1092 /* MJRefreshConst.h */,
				3EB0336A1CF06C5A008C1092 /* MJRefreshConst.m */,
				3EB0336B1CF06C5A008C1092 /* UIScrollView+MJExtension.h */,
				3EB0336C1CF06C5A008C1092 /* UIScrollView+MJExtension.m */,
				3EB0336D1CF06C5A008C1092 /* UIScrollView+MJRefresh.h */,
				3EB0336E1CF06C5A008C1092 /* UIScrollView+MJRefresh.m */,
				3EB0336F1CF06C5A008C1092 /* UIView+MJExtension.h */,
				3EB033701CF06C5A008C1092 /* UIView+MJExtension.m */,
			);
			path = MJRefresh;
			sourceTree = "<group>";
		};
		3EB033451CF06C5A008C1092 /* Base */ = {
			isa = PBXGroup;
			children = (
				3EB033461CF06C5A008C1092 /* MJRefreshAutoFooter.h */,
				3EB033471CF06C5A008C1092 /* MJRefreshAutoFooter.m */,
				3EB033481CF06C5A008C1092 /* MJRefreshBackFooter.h */,
				3EB033491CF06C5A008C1092 /* MJRefreshBackFooter.m */,
				3EB0334A1CF06C5A008C1092 /* MJRefreshComponent.h */,
				3EB0334B1CF06C5A008C1092 /* MJRefreshComponent.m */,
				3EB0334C1CF06C5A008C1092 /* MJRefreshFooter.h */,
				3EB0334D1CF06C5A008C1092 /* MJRefreshFooter.m */,
				3EB0334E1CF06C5A008C1092 /* MJRefreshHeader.h */,
				3EB0334F1CF06C5A008C1092 /* MJRefreshHeader.m */,
			);
			path = Base;
			sourceTree = "<group>";
		};
		3EB033501CF06C5A008C1092 /* Custom */ = {
			isa = PBXGroup;
			children = (
				3EB033511CF06C5A008C1092 /* Footer */,
				3EB033601CF06C5A008C1092 /* Header */,
			);
			path = Custom;
			sourceTree = "<group>";
		};
		3EB033511CF06C5A008C1092 /* Footer */ = {
			isa = PBXGroup;
			children = (
				3EB033521CF06C5A008C1092 /* Auto */,
				3EB033591CF06C5A008C1092 /* Back */,
			);
			path = Footer;
			sourceTree = "<group>";
		};
		3EB033521CF06C5A008C1092 /* Auto */ = {
			isa = PBXGroup;
			children = (
				3EB033531CF06C5A008C1092 /* MJRefreshAutoGifFooter.h */,
				3EB033541CF06C5A008C1092 /* MJRefreshAutoGifFooter.m */,
				3EB033551CF06C5A008C1092 /* MJRefreshAutoNormalFooter.h */,
				3EB033561CF06C5A008C1092 /* MJRefreshAutoNormalFooter.m */,
				3EB033571CF06C5A008C1092 /* MJRefreshAutoStateFooter.h */,
				3EB033581CF06C5A008C1092 /* MJRefreshAutoStateFooter.m */,
			);
			path = Auto;
			sourceTree = "<group>";
		};
		3EB033591CF06C5A008C1092 /* Back */ = {
			isa = PBXGroup;
			children = (
				3EB0335A1CF06C5A008C1092 /* MJRefreshBackGifFooter.h */,
				3EB0335B1CF06C5A008C1092 /* MJRefreshBackGifFooter.m */,
				3EB0335C1CF06C5A008C1092 /* MJRefreshBackNormalFooter.h */,
				3EB0335D1CF06C5A008C1092 /* MJRefreshBackNormalFooter.m */,
				3EB0335E1CF06C5A008C1092 /* MJRefreshBackStateFooter.h */,
				3EB0335F1CF06C5A008C1092 /* MJRefreshBackStateFooter.m */,
			);
			path = Back;
			sourceTree = "<group>";
		};
		3EB033601CF06C5A008C1092 /* Header */ = {
			isa = PBXGroup;
			children = (
				3EB033611CF06C5A008C1092 /* MJRefreshGifHeader.h */,
				3EB033621CF06C5A008C1092 /* MJRefreshGifHeader.m */,
				3EB033631CF06C5A008C1092 /* MJRefreshNormalHeader.h */,
				3EB033641CF06C5A008C1092 /* MJRefreshNormalHeader.m */,
				3EB033651CF06C5A008C1092 /* MJRefreshStateHeader.h */,
				3EB033661CF06C5A008C1092 /* MJRefreshStateHeader.m */,
			);
			path = Header;
			sourceTree = "<group>";
		};
		3EC0064D1C8E9F090049507C /* ME */ = {
			isa = PBXGroup;
			children = (
				3E430F131C8A9D1C00456CD7 /* ViewController.h */,
				3E430F141C8A9D1C00456CD7 /* ViewController.m */,
				3EC006471C8DAC070049507C /* YJMeTableViewController.h */,
				3EC006481C8DAC070049507C /* YJMeTableViewController.m */,
				3EC0064A1C8DBCFF0049507C /* YJInfoViewController.h */,
				3EC0064B1C8DBCFF0049507C /* YJInfoViewController.m */,
				3EC0064F1C8E9F2E0049507C /* YJEditViewController.h */,
				3EC006501C8E9F2E0049507C /* YJEditViewController.m */,
				3EA9D94A1CA2D08E002883C5 /* YJQcodeViewController.h */,
				3EA9D94B1CA2D08E002883C5 /* YJQcodeViewController.m */,
			);
			name = ME;
			sourceTree = "<group>";
		};
		EE9C96B6E6B60E1CE1BB78A5 /* Frameworks */ = {
			isa = PBXGroup;
			children = (
				C44FFAC3634DCF155CF63436 /* Pods_XMPPWechat.framework */,
				4AA0D286F1458B2D44038411 /* Pods_XMPPWechat_XMPPWechatUITests.framework */,
				FD763C4E0B7D26D73BD0E314 /* Pods_XMPPWechatTests.framework */,
			);
			name = Frameworks;
			sourceTree = "<group>";
		};
/* End PBXGroup section */

/* Begin PBXNativeTarget section */
		3E430F091C8A9D1C00456CD7 /* XMPPWechat */ = {
			isa = PBXNativeTarget;
			buildConfigurationList = 3E430F371C8A9D1D00456CD7 /* Build configuration list for PBXNativeTarget "XMPPWechat" */;
			buildPhases = (
				D12D2AFAF055D5DAE69D49E5 /* [CP] Check Pods Manifest.lock */,
				3E430F061C8A9D1C00456CD7 /* Sources */,
				3E430F071C8A9D1C00456CD7 /* Frameworks */,
				3E430F081C8A9D1C00456CD7 /* Resources */,
				53AACF948C9F0C263A9F925E /* [CP] Embed Pods Frameworks */,
			);
			buildRules = (
			);
			dependencies = (
			);
			name = XMPPWechat;
			productName = XMPPWechat;
			productReference = 3E430F0A1C8A9D1C00456CD7 /* XMPPWechat.app */;
			productType = "com.apple.product-type.application";
		};
		3E430F221C8A9D1D00456CD7 /* XMPPWechatTests */ = {
			isa = PBXNativeTarget;
			buildConfigurationList = 3E430F3A1C8A9D1D00456CD7 /* Build configuration list for PBXNativeTarget "XMPPWechatTests" */;
			buildPhases = (
				C2DC7A9FB81D7BADB7579B5F /* [CP] Check Pods Manifest.lock */,
				3E430F1F1C8A9D1D00456CD7 /* Sources */,
				3E430F201C8A9D1D00456CD7 /* Frameworks */,
				3E430F211C8A9D1D00456CD7 /* Resources */,
			);
			buildRules = (
			);
			dependencies = (
				3E430F251C8A9D1D00456CD7 /* PBXTargetDependency */,
			);
			name = XMPPWechatTests;
			productName = XMPPWechatTests;
			productReference = 3E430F231C8A9D1D00456CD7 /* XMPPWechatTests.xctest */;
			productType = "com.apple.product-type.bundle.unit-test";
		};
		3E430F2D1C8A9D1D00456CD7 /* XMPPWechatUITests */ = {
			isa = PBXNativeTarget;
			buildConfigurationList = 3E430F3D1C8A9D1D00456CD7 /* Build configuration list for PBXNativeTarget "XMPPWechatUITests" */;
			buildPhases = (
				B05C0370590261F3B1DACAB7 /* [CP] Check Pods Manifest.lock */,
				3E430F2A1C8A9D1D00456CD7 /* Sources */,
				3E430F2B1C8A9D1D00456CD7 /* Frameworks */,
				3E430F2C1C8A9D1D00456CD7 /* Resources */,
				6E97D716125948B20F57E551 /* [CP] Embed Pods Frameworks */,
			);
			buildRules = (
			);
			dependencies = (
				3E430F301C8A9D1D00456CD7 /* PBXTargetDependency */,
			);
			name = XMPPWechatUITests;
			productName = XMPPWechatUITests;
			productReference = 3E430F2E1C8A9D1D00456CD7 /* XMPPWechatUITests.xctest */;
			productType = "com.apple.product-type.bundle.ui-testing";
		};
/* End PBXNativeTarget section */

/* Begin PBXProject section */
		3E430F021C8A9D1C00456CD7 /* Project object */ = {
			isa = PBXProject;
			attributes = {
				CLASSPREFIX = YJ;
				LastUpgradeCheck = 0720;
				ORGANIZATIONNAME = "姚家庆";
				TargetAttributes = {
					3E430F091C8A9D1C00456CD7 = {
						CreatedOnToolsVersion = 7.2.1;
						DevelopmentTeam = BFQM2YX9WF;
					};
					3E430F221C8A9D1D00456CD7 = {
						CreatedOnToolsVersion = 7.2.1;
						DevelopmentTeam = BFQM2YX9WF;
						TestTargetID = 3E430F091C8A9D1C00456CD7;
					};
					3E430F2D1C8A9D1D00456CD7 = {
						CreatedOnToolsVersion = 7.2.1;
						DevelopmentTeam = BFQM2YX9WF;
						TestTargetID = 3E430F091C8A9D1C00456CD7;
					};
				};
			};
			buildConfigurationList = 3E430F051C8A9D1C00456CD7 /* Build configuration list for PBXProject "XMPPWechat" */;
			compatibilityVersion = "Xcode 3.2";
			developmentRegion = English;
			hasScannedForEncodings = 0;
			knownRegions = (
				en,
				Base,
				English,
			);
			mainGroup = 3E430F011C8A9D1C00456CD7;
			productRefGroup = 3E430F0B1C8A9D1C00456CD7 /* Products */;
			projectDirPath = "";
			projectRoot = "";
			targets = (
				3E430F091C8A9D1C00456CD7 /* XMPPWechat */,
				3E430F221C8A9D1D00456CD7 /* XMPPWechatTests */,
				3E430F2D1C8A9D1D00456CD7 /* XMPPWechatUITests */,
			);
		};
/* End PBXProject section */

/* Begin PBXResourcesBuildPhase section */
		3E430F081C8A9D1C00456CD7 /* Resources */ = {
			isa = PBXResourcesBuildPhase;
			buildActionMask = 2147483647;
			files = (
				3E4317381C8AB29700456CD7 /* ConnectView.storyboard in Resources */,
				3E430F1D1C8A9D1C00456CD7 /* LaunchScreen.storyboard in Resources */,
				3EB033851CF17E4B008C1092 /* tasks.plist in Resources */,
				3E430F1A1C8A9D1C00456CD7 /* Assets.xcassets in Resources */,
				3E7BC6E31CA2641600E2A0A7 /* YJToolbar.xib in Resources */,
				3E430F181C8A9D1C00456CD7 /* Main.storyboard in Resources */,
				3E4317591C8ABF5800456CD7 /* MBProgressHUD.bundle in Resources */,
				3E11B73D1CFAC97100D2F230 /* commends.plist in Resources */,
				3EB0337F1CF06C5A008C1092 /* MJRefresh.bundle in Resources */,
			);
			runOnlyForDeploymentPostprocessing = 0;
		};
		3E430F211C8A9D1D00456CD7 /* Resources */ = {
			isa = PBXResourcesBuildPhase;
			buildActionMask = 2147483647;
			files = (
			);
			runOnlyForDeploymentPostprocessing = 0;
		};
		3E430F2C1C8A9D1D00456CD7 /* Resources */ = {
			isa = PBXResourcesBuildPhase;
			buildActionMask = 2147483647;
			files = (
			);
			runOnlyForDeploymentPostprocessing = 0;
		};
/* End PBXResourcesBuildPhase section */

/* Begin PBXShellScriptBuildPhase section */
		53AACF948C9F0C263A9F925E /* [CP] Embed Pods Frameworks */ = {
			isa = PBXShellScriptBuildPhase;
			buildActionMask = 2147483647;
			files = (
			);
			inputPaths = (
				"${PODS_ROOT}/Target Support Files/Pods-XMPPWechat/Pods-XMPPWechat-frameworks.sh",
				"${BUILT_PRODUCTS_DIR}/CocoaAsyncSocket/CocoaAsyncSocket.framework",
				"${BUILT_PRODUCTS_DIR}/CocoaLumberjack/CocoaLumberjack.framework",
				"${BUILT_PRODUCTS_DIR}/KissXML/KissXML.framework",
				"${BUILT_PRODUCTS_DIR}/XMPPFramework/XMPPFramework.framework",
				"${BUILT_PRODUCTS_DIR}/libidn/libidn.framework",
			);
			name = "[CP] Embed Pods Frameworks";
			outputPaths = (
				"${TARGET_BUILD_DIR}/${FRAMEWORKS_FOLDER_PATH}/CocoaAsyncSocket.framework",
				"${TARGET_BUILD_DIR}/${FRAMEWORKS_FOLDER_PATH}/CocoaLumberjack.framework",
				"${TARGET_BUILD_DIR}/${FRAMEWORKS_FOLDER_PATH}/KissXML.framework",
				"${TARGET_BUILD_DIR}/${FRAMEWORKS_FOLDER_PATH}/XMPPFramework.framework",
				"${TARGET_BUILD_DIR}/${FRAMEWORKS_FOLDER_PATH}/libidn.framework",
			);
			runOnlyForDeploymentPostprocessing = 0;
			shellPath = /bin/sh;
			shellScript = "\"${PODS_ROOT}/Target Support Files/Pods-XMPPWechat/Pods-XMPPWechat-frameworks.sh\"\n";
			showEnvVarsInLog = 0;
		};
		6E97D716125948B20F57E551 /* [CP] Embed Pods Frameworks */ = {
			isa = PBXShellScriptBuildPhase;
			buildActionMask = 2147483647;
			files = (
			);
			inputPaths = (
				"${PODS_ROOT}/Target Support Files/Pods-XMPPWechat-XMPPWechatUITests/Pods-XMPPWechat-XMPPWechatUITests-frameworks.sh",
				"${BUILT_PRODUCTS_DIR}/CocoaAsyncSocket/CocoaAsyncSocket.framework",
				"${BUILT_PRODUCTS_DIR}/CocoaLumberjack/CocoaLumberjack.framework",
				"${BUILT_PRODUCTS_DIR}/KissXML/KissXML.framework",
				"${BUILT_PRODUCTS_DIR}/XMPPFramework/XMPPFramework.framework",
				"${BUILT_PRODUCTS_DIR}/libidn/libidn.framework",
			);
			name = "[CP] Embed Pods Frameworks";
			outputPaths = (
				"${TARGET_BUILD_DIR}/${FRAMEWORKS_FOLDER_PATH}/CocoaAsyncSocket.framework",
				"${TARGET_BUILD_DIR}/${FRAMEWORKS_FOLDER_PATH}/CocoaLumberjack.framework",
				"${TARGET_BUILD_DIR}/${FRAMEWORKS_FOLDER_PATH}/KissXML.framework",
				"${TARGET_BUILD_DIR}/${FRAMEWORKS_FOLDER_PATH}/XMPPFramework.framework",
				"${TARGET_BUILD_DIR}/${FRAMEWORKS_FOLDER_PATH}/libidn.framework",
			);
			runOnlyForDeploymentPostprocessing = 0;
			shellPath = /bin/sh;
			shellScript = "\"${PODS_ROOT}/Target Support Files/Pods-XMPPWechat-XMPPWechatUITests/Pods-XMPPWechat-XMPPWechatUITests-frameworks.sh\"\n";
			showEnvVarsInLog = 0;
		};
		B05C0370590261F3B1DACAB7 /* [CP] Check Pods Manifest.lock */ = {
			isa = PBXShellScriptBuildPhase;
			buildActionMask = 2147483647;
			files = (
			);
			inputFileListPaths = (
			);
			inputPaths = (
				"${PODS_PODFILE_DIR_PATH}/Podfile.lock",
				"${PODS_ROOT}/Manifest.lock",
			);
			name = "[CP] Check Pods Manifest.lock";
			outputFileListPaths = (
			);
			outputPaths = (
				"$(DERIVED_FILE_DIR)/Pods-XMPPWechat-XMPPWechatUITests-checkManifestLockResult.txt",
			);
			runOnlyForDeploymentPostprocessing = 0;
			shellPath = /bin/sh;
			shellScript = "diff \"${PODS_PODFILE_DIR_PATH}/Podfile.lock\" \"${PODS_ROOT}/Manifest.lock\" > /dev/null\nif [ $? != 0 ] ; then\n    # print error to STDERR\n    echo \"error: The sandbox is not in sync with the Podfile.lock. Run 'pod install' or update your CocoaPods installation.\" >&2\n    exit 1\nfi\n# This output is used by Xcode 'outputs' to avoid re-running this script phase.\necho \"SUCCESS\" > \"${SCRIPT_OUTPUT_FILE_0}\"\n";
			showEnvVarsInLog = 0;
		};
		C2DC7A9FB81D7BADB7579B5F /* [CP] Check Pods Manifest.lock */ = {
			isa = PBXShellScriptBuildPhase;
			buildActionMask = 2147483647;
			files = (
			);
			inputFileListPaths = (
			);
			inputPaths = (
				"${PODS_PODFILE_DIR_PATH}/Podfile.lock",
				"${PODS_ROOT}/Manifest.lock",
			);
			name = "[CP] Check Pods Manifest.lock";
			outputFileListPaths = (
			);
			outputPaths = (
				"$(DERIVED_FILE_DIR)/Pods-XMPPWechatTests-checkManifestLockResult.txt",
			);
			runOnlyForDeploymentPostprocessing = 0;
			shellPath = /bin/sh;
			shellScript = "diff \"${PODS_PODFILE_DIR_PATH}/Podfile.lock\" \"${PODS_ROOT}/Manifest.lock\" > /dev/null\nif [ $? != 0 ] ; then\n    # print error to STDERR\n    echo \"error: The sandbox is not in sync with the Podfile.lock. Run 'pod install' or update your CocoaPods installation.\" >&2\n    exit 1\nfi\n# This output is used by Xcode 'outputs' to avoid re-running this script phase.\necho \"SUCCESS\" > \"${SCRIPT_OUTPUT_FILE_0}\"\n";
			showEnvVarsInLog = 0;
		};
		D12D2AFAF055D5DAE69D49E5 /* [CP] Check Pods Manifest.lock */ = {
			isa = PBXShellScriptBuildPhase;
			buildActionMask = 2147483647;
			files = (
			);
			inputFileListPaths = (
			);
			inputPaths = (
				"${PODS_PODFILE_DIR_PATH}/Podfile.lock",
				"${PODS_ROOT}/Manifest.lock",
			);
			name = "[CP] Check Pods Manifest.lock";
			outputFileListPaths = (
			);
			outputPaths = (
				"$(DERIVED_FILE_DIR)/Pods-XMPPWechat-checkManifestLockResult.txt",
			);
			runOnlyForDeploymentPostprocessing = 0;
			shellPath = /bin/sh;
			shellScript = "diff \"${PODS_PODFILE_DIR_PATH}/Podfile.lock\" \"${PODS_ROOT}/Manifest.lock\" > /dev/null\nif [ $? != 0 ] ; then\n    # print error to STDERR\n    echo \"error: The sandbox is not in sync with the Podfile.lock. Run 'pod install' or update your CocoaPods installation.\" >&2\n    exit 1\nfi\n# This output is used by Xcode 'outputs' to avoid re-running this script phase.\necho \"SUCCESS\" > \"${SCRIPT_OUTPUT_FILE_0}\"\n";
			showEnvVarsInLog = 0;
		};
/* End PBXShellScriptBuildPhase section */

/* Begin PBXSourcesBuildPhase section */
		3E430F061C8A9D1C00456CD7 /* Sources */ = {
			isa = PBXSourcesBuildPhase;
			buildActionMask = 2147483647;
			files = (
				3EB033811CF06C5A008C1092 /* UIScrollView+MJExtension.m in Sources */,
				3EB033741CF06C5A008C1092 /* MJRefreshFooter.m in Sources */,
				3EC0066C1C9008980049507C /* YJAddContantViewController.m in Sources */,
				3E43175A1C8ABF5800456CD7 /* MBProgressHUD.m in Sources */,
				3E9858FD1CB4BE0C00769EF0 /* YJTask.m in Sources */,
				3E43178B1C8ABF6400456CD7 /* UIImageView+WebCache.m in Sources */,
				3E43177D1C8ABF6400456CD7 /* MKAnnotationView+WebCache.m in Sources */,
				3EB033711CF06C5A008C1092 /* MJRefreshAutoFooter.m in Sources */,
				3EB033821CF06C5A008C1092 /* UIScrollView+MJRefresh.m in Sources */,
				3E5D7AED1C8D4357007F22C1 /* YJAccount.m in Sources */,
				3E430F151C8A9D1C00456CD7 /* ViewController.m in Sources */,
				3E43178A1C8ABF6400456CD7 /* UIImageView+HighlightedWebCache.m in Sources */,
				3E430F121C8A9D1C00456CD7 /* AppDelegate.m in Sources */,
				3E4317881C8ABF6400456CD7 /* UIImage+MultiFormat.m in Sources */,
				3E43178C1C8ABF6400456CD7 /* UIView+WebCacheOperation.m in Sources */,
				3E4317851C8ABF6400456CD7 /* SDWebImagePrefetcher.m in Sources */,
				3E11B7401CFAD42E00D2F230 /* YJCommendViewController.m in Sources */,
				3E43174F1C8ABF4A00456CD7 /* UIStoryboard+WF.m in Sources */,
				3E43178F1C8AC7EF00456CD7 /* YJRegisterViewController.m in Sources */,
				3E7BC6D81CA24D5100E2A0A7 /* YJDiscoverViewController.m in Sources */,
				3E4317861C8ABF6400456CD7 /* UIButton+WebCache.m in Sources */,
				3EB0337E1CF06C5A008C1092 /* MJRefreshStateHeader.m in Sources */,
				3E43177E1C8ABF6400456CD7 /* NSData+ImageContentType.m in Sources */,
				3E43174C1C8ABF4A00456CD7 /* UIButton+WF.m in Sources */,
				3E11B73B1CFABDB000D2F230 /* YJDiscoverDetailViewController.m in Sources */,
				3E7BC6DB1CA2551200E2A0A7 /* YJCreatTaskViewController.m in Sources */,
				3EB033791CF06C5A008C1092 /* MJRefreshBackGifFooter.m in Sources */,
				3EB033831CF06C5A008C1092 /* UIView+MJExtension.m in Sources */,
				3E4317801C8ABF6400456CD7 /* SDWebImageCompat.m in Sources */,
				3EEBB1591C969D49007D06EA /* YJChatViewController.m in Sources */,
				3E4317501C8ABF4A00456CD7 /* UITextField+WF.m in Sources */,
				3E43174E1C8ABF4A00456CD7 /* UIScreen+WF.m in Sources */,
				3EB033771CF06C5A008C1092 /* MJRefreshAutoNormalFooter.m in Sources */,
				3E4317511C8ABF4A00456CD7 /* UIView+WF.m in Sources */,
				3EC006491C8DAC070049507C /* YJMeTableViewController.m in Sources */,
				3E7BC6E11CA263F600E2A0A7 /* YJToolbar.m in Sources */,
				3EB0338B1CF2CA68008C1092 /* YJCellFrame.m in Sources */,
				3E26A4941CA127D5006FFD99 /* YJWebViewController.m in Sources */,
				3E4317961C8AC93100456CD7 /* HttpTool.m in Sources */,
				3E4317871C8ABF6400456CD7 /* UIImage+GIF.m in Sources */,
				3E4317581C8ABF5800456CD7 /* MBProgressHUD+HM.m in Sources */,
				3E4317831C8ABF6400456CD7 /* SDWebImageDownloaderOperation.m in Sources */,
				3EB033801CF06C5A008C1092 /* MJRefreshConst.m in Sources */,
				3EB033731CF06C5A008C1092 /* MJRefreshComponent.m in Sources */,
				3EB0337A1CF06C5A008C1092 /* MJRefreshBackNormalFooter.m in Sources */,
				3EA9D9461CA2CD2A002883C5 /* NSString+Helper.m in Sources */,
				3E43174D1C8ABF4A00456CD7 /* UIImage+WF.m in Sources */,
				3E43179D1C8ACAE500456CD7 /* YJXMPPTool.m in Sources */,
				3E4317811C8ABF6400456CD7 /* SDWebImageDecoder.m in Sources */,
				3EB033721CF06C5A008C1092 /* MJRefreshBackFooter.m in Sources */,
				3E4317891C8ABF6400456CD7 /* UIImage+WebP.m in Sources */,
				3EB033751CF06C5A008C1092 /* MJRefreshHeader.m in Sources */,
				3EC0064C1C8DBCFF0049507C /* YJInfoViewController.m in Sources */,
				3EB033781CF06C5A008C1092 /* MJRefreshAutoStateFooter.m in Sources */,
				3E4317821C8ABF6400456CD7 /* SDWebImageDownloader.m in Sources */,
				3E43173D1C8AB72300456CD7 /* YJLoginViewController.m in Sources */,
				3EC006691C90087C0049507C /* YJContantTableViewController.m in Sources */,
				3EB0337C1CF06C5A008C1092 /* MJRefreshGifHeader.m in Sources */,
				3EB0337D1CF06C5A008C1092 /* MJRefreshNormalHeader.m in Sources */,
				3E430F0F1C8A9D1C00456CD7 /* main.m in Sources */,
				3EA9D94C1CA2D08E002883C5 /* YJQcodeViewController.m in Sources */,
				3E4317841C8ABF6400456CD7 /* SDWebImageManager.m in Sources */,
				3EB033881CF2C9C1008C1092 /* YJDiscoverTableViewCell.m in Sources */,
				3EC006511C8E9F2E0049507C /* YJEditViewController.m in Sources */,
				3E26A4911CA12306006FFD99 /* NSString+Hash.m in Sources */,
				3E7BC6DE1CA25A8B00E2A0A7 /* YJContentViewController.m in Sources */,
				3EB0337B1CF06C5A008C1092 /* MJRefreshBackStateFooter.m in Sources */,
				3EB033761CF06C5A008C1092 /* MJRefreshAutoGifFooter.m in Sources */,
				3E43177F1C8ABF6400456CD7 /* SDImageCache.m in Sources */,
			);
			runOnlyForDeploymentPostprocessing = 0;
		};
		3E430F1F1C8A9D1D00456CD7 /* Sources */ = {
			isa = PBXSourcesBuildPhase;
			buildActionMask = 2147483647;
			files = (
				3E430F281C8A9D1D00456CD7 /* XMPPWechatTests.m in Sources */,
			);
			runOnlyForDeploymentPostprocessing = 0;
		};
		3E430F2A1C8A9D1D00456CD7 /* Sources */ = {
			isa = PBXSourcesBuildPhase;
			buildActionMask = 2147483647;
			files = (
				3E430F331C8A9D1D00456CD7 /* XMPPWechatUITests.m in Sources */,
			);
			runOnlyForDeploymentPostprocessing = 0;
		};
/* End PBXSourcesBuildPhase section */

/* Begin PBXTargetDependency section */
		3E430F251C8A9D1D00456CD7 /* PBXTargetDependency */ = {
			isa = PBXTargetDependency;
			target = 3E430F091C8A9D1C00456CD7 /* XMPPWechat */;
			targetProxy = 3E430F241C8A9D1D00456CD7 /* PBXContainerItemProxy */;
		};
		3E430F301C8A9D1D00456CD7 /* PBXTargetDependency */ = {
			isa = PBXTargetDependency;
			target = 3E430F091C8A9D1C00456CD7 /* XMPPWechat */;
			targetProxy = 3E430F2F1C8A9D1D00456CD7 /* PBXContainerItemProxy */;
		};
/* End PBXTargetDependency section */

/* Begin PBXVariantGroup section */
		3E430F161C8A9D1C00456CD7 /* Main.storyboard */ = {
			isa = PBXVariantGroup;
			children = (
				3E430F171C8A9D1C00456CD7 /* Base */,
			);
			name = Main.storyboard;
			sourceTree = "<group>";
		};
		3E430F1B1C8A9D1C00456CD7 /* LaunchScreen.storyboard */ = {
			isa = PBXVariantGroup;
			children = (
				3E430F1C1C8A9D1C00456CD7 /* Base */,
			);
			name = LaunchScreen.storyboard;
			sourceTree = "<group>";
		};
/* End PBXVariantGroup section */

/* Begin XCBuildConfiguration section */
		3E430F351C8A9D1D00456CD7 /* Debug */ = {
			isa = XCBuildConfiguration;
			buildSettings = {
				ALWAYS_SEARCH_USER_PATHS = NO;
				CLANG_CXX_LANGUAGE_STANDARD = "gnu++0x";
				CLANG_CXX_LIBRARY = "libc++";
				CLANG_ENABLE_MODULES = YES;
				CLANG_ENABLE_OBJC_ARC = YES;
				CLANG_WARN_BOOL_CONVERSION = YES;
				CLANG_WARN_CONSTANT_CONVERSION = YES;
				CLANG_WARN_DIRECT_OBJC_ISA_USAGE = YES_ERROR;
				CLANG_WARN_EMPTY_BODY = YES;
				CLANG_WARN_ENUM_CONVERSION = YES;
				CLANG_WARN_INT_CONVERSION = YES;
				CLANG_WARN_OBJC_ROOT_CLASS = YES_ERROR;
				CLANG_WARN_UNREACHABLE_CODE = YES;
				CLANG_WARN__DUPLICATE_METHOD_MATCH = YES;
				"CODE_SIGN_IDENTITY[sdk=iphoneos*]" = "iPhone Developer";
				COPY_PHASE_STRIP = NO;
				DEBUG_INFORMATION_FORMAT = dwarf;
				ENABLE_STRICT_OBJC_MSGSEND = YES;
				ENABLE_TESTABILITY = YES;
				GCC_C_LANGUAGE_STANDARD = gnu99;
				GCC_DYNAMIC_NO_PIC = NO;
				GCC_NO_COMMON_BLOCKS = YES;
				GCC_OPTIMIZATION_LEVEL = 0;
				GCC_PREPROCESSOR_DEFINITIONS = (
					"DEBUG=1",
					"$(inherited)",
				);
				GCC_WARN_64_TO_32_BIT_CONVERSION = YES;
				GCC_WARN_ABOUT_RETURN_TYPE = YES_ERROR;
				GCC_WARN_UNDECLARED_SELECTOR = YES;
				GCC_WARN_UNINITIALIZED_AUTOS = YES_AGGRESSIVE;
				GCC_WARN_UNUSED_FUNCTION = YES;
				GCC_WARN_UNUSED_VARIABLE = YES;
				IPHONEOS_DEPLOYMENT_TARGET = 9.2;
				MTL_ENABLE_DEBUG_INFO = YES;
				ONLY_ACTIVE_ARCH = YES;
				SDKROOT = iphoneos;
			};
			name = Debug;
		};
		3E430F361C8A9D1D00456CD7 /* Release */ = {
			isa = XCBuildConfiguration;
			buildSettings = {
				ALWAYS_SEARCH_USER_PATHS = NO;
				CLANG_CXX_LANGUAGE_STANDARD = "gnu++0x";
				CLANG_CXX_LIBRARY = "libc++";
				CLANG_ENABLE_MODULES = YES;
				CLANG_ENABLE_OBJC_ARC = YES;
				CLANG_WARN_BOOL_CONVERSION = YES;
				CLANG_WARN_CONSTANT_CONVERSION = YES;
				CLANG_WARN_DIRECT_OBJC_ISA_USAGE = YES_ERROR;
				CLANG_WARN_EMPTY_BODY = YES;
				CLANG_WARN_ENUM_CONVERSION = YES;
				CLANG_WARN_INT_CONVERSION = YES;
				CLANG_WARN_OBJC_ROOT_CLASS = YES_ERROR;
				CLANG_WARN_UNREACHABLE_CODE = YES;
				CLANG_WARN__DUPLICATE_METHOD_MATCH = YES;
				"CODE_SIGN_IDENTITY[sdk=iphoneos*]" = "iPhone Developer";
				COPY_PHASE_STRIP = NO;
				DEBUG_INFORMATION_FORMAT = "dwarf-with-dsym";
				ENABLE_NS_ASSERTIONS = NO;
				ENABLE_STRICT_OBJC_MSGSEND = YES;
				GCC_C_LANGUAGE_STANDARD = gnu99;
				GCC_NO_COMMON_BLOCKS = YES;
				GCC_WARN_64_TO_32_BIT_CONVERSION = YES;
				GCC_WARN_ABOUT_RETURN_TYPE = YES_ERROR;
				GCC_WARN_UNDECLARED_SELECTOR = YES;
				GCC_WARN_UNINITIALIZED_AUTOS = YES_AGGRESSIVE;
				GCC_WARN_UNUSED_FUNCTION = YES;
				GCC_WARN_UNUSED_VARIABLE = YES;
				IPHONEOS_DEPLOYMENT_TARGET = 9.2;
				MTL_ENABLE_DEBUG_INFO = NO;
				SDKROOT = iphoneos;
				VALIDATE_PRODUCT = YES;
			};
			name = Release;
		};
		3E430F381C8A9D1D00456CD7 /* Debug */ = {
			isa = XCBuildConfiguration;
			baseConfigurationReference = 47C5E57EA04FF779F493C38C /* Pods-XMPPWechat.debug.xcconfig */;
			buildSettings = {
				ASSETCATALOG_COMPILER_APPICON_NAME = AppIcon;
				GCC_PRECOMPILE_PREFIX_HEADER = YES;
				GCC_PREFIX_HEADER = XMPPWechat/XMPPWechat_Prefix.pch;
				HEADER_SEARCH_PATHS = /usr/include/libxml2;
				INFOPLIST_FILE = XMPPWechat/Info.plist;
				IPHONEOS_DEPLOYMENT_TARGET = 14.0;
				LD_RUNPATH_SEARCH_PATHS = "$(inherited) @executable_path/Frameworks";
				LIBRARY_SEARCH_PATHS = (
					"$(inherited)",
					"$(PROJECT_DIR)/XMPPWechat/XMPP/Vendor/libidn/**",
				);
				OTHER_LDFLAGS = "-lxml2";
				PRODUCT_BUNDLE_IDENTIFIER = com.youjoting.XMPPWechat;
				PRODUCT_NAME = "$(TARGET_NAME)";
			};
			name = Debug;
		};
		3E430F391C8A9D1D00456CD7 /* Release */ = {
			isa = XCBuildConfiguration;
			baseConfigurationReference = 528F78161487850F57815671 /* Pods-XMPPWechat.release.xcconfig */;
			buildSettings = {
				ASSETCATALOG_COMPILER_APPICON_NAME = AppIcon;
				GCC_PRECOMPILE_PREFIX_HEADER = YES;
				GCC_PREFIX_HEADER = XMPPWechat/XMPPWechat_Prefix.pch;
				HEADER_SEARCH_PATHS = /usr/include/libxml2;
				INFOPLIST_FILE = XMPPWechat/Info.plist;
				IPHONEOS_DEPLOYMENT_TARGET = 14.0;
				LD_RUNPATH_SEARCH_PATHS = "$(inherited) @executable_path/Frameworks";
				LIBRARY_SEARCH_PATHS = (
					"$(inherited)",
					"$(PROJECT_DIR)/XMPPWechat/XMPP/Vendor/libidn/**",
				);
				OTHER_LDFLAGS = "-lxml2";
				PRODUCT_BUNDLE_IDENTIFIER = com.youjoting.XMPPWechat;
				PRODUCT_NAME = "$(TARGET_NAME)";
			};
			name = Release;
		};
		3E430F3B1C8A9D1D00456CD7 /* Debug */ = {
			isa = XCBuildConfiguration;
			baseConfigurationReference = 14D7689093A8ABF5699BE381 /* Pods-XMPPWechatTests.debug.xcconfig */;
			buildSettings = {
				BUNDLE_LOADER = "$(TEST_HOST)";
				INFOPLIST_FILE = XMPPWechatTests/Info.plist;
				LD_RUNPATH_SEARCH_PATHS = "$(inherited) @executable_path/Frameworks @loader_path/Frameworks";
				PRODUCT_BUNDLE_IDENTIFIER = com.youjoting.XMPPWechatTests;
				PRODUCT_NAME = "$(TARGET_NAME)";
				TEST_HOST = "$(BUILT_PRODUCTS_DIR)/XMPPWechat.app/XMPPWechat";
			};
			name = Debug;
		};
		3E430F3C1C8A9D1D00456CD7 /* Release */ = {
			isa = XCBuildConfiguration;
			baseConfigurationReference = 384DF871515A3665BEB163B2 /* Pods-XMPPWechatTests.release.xcconfig */;
			buildSettings = {
				BUNDLE_LOADER = "$(TEST_HOST)";
				INFOPLIST_FILE = XMPPWechatTests/Info.plist;
				LD_RUNPATH_SEARCH_PATHS = "$(inherited) @executable_path/Frameworks @loader_path/Frameworks";
				PRODUCT_BUNDLE_IDENTIFIER = com.youjoting.XMPPWechatTests;
				PRODUCT_NAME = "$(TARGET_NAME)";
				TEST_HOST = "$(BUILT_PRODUCTS_DIR)/XMPPWechat.app/XMPPWechat";
			};
			name = Release;
		};
		3E430F3E1C8A9D1D00456CD7 /* Debug */ = {
			isa = XCBuildConfiguration;
			baseConfigurationReference = 1819DE2B2ACCB5911137EE6B /* Pods-XMPPWechat-XMPPWechatUITests.debug.xcconfig */;
			buildSettings = {
				INFOPLIST_FILE = XMPPWechatUITests/Info.plist;
				LD_RUNPATH_SEARCH_PATHS = "$(inherited) @executable_path/Frameworks @loader_path/Frameworks";
				PRODUCT_BUNDLE_IDENTIFIER = com.youjoting.XMPPWechatUITests;
				PRODUCT_NAME = "$(TARGET_NAME)";
				TEST_TARGET_NAME = XMPPWechat;
				USES_XCTRUNNER = YES;
			};
			name = Debug;
		};
		3E430F3F1C8A9D1D00456CD7 /* Release */ = {
			isa = XCBuildConfiguration;
			baseConfigurationReference = 36A86DE3083D503B918D3A2D /* Pods-XMPPWechat-XMPPWechatUITests.release.xcconfig */;
			buildSettings = {
				INFOPLIST_FILE = XMPPWechatUITests/Info.plist;
				LD_RUNPATH_SEARCH_PATHS = "$(inherited) @executable_path/Frameworks @loader_path/Frameworks";
				PRODUCT_BUNDLE_IDENTIFIER = com.youjoting.XMPPWechatUITests;
				PRODUCT_NAME = "$(TARGET_NAME)";
				TEST_TARGET_NAME = XMPPWechat;
				USES_XCTRUNNER = YES;
			};
			name = Release;
		};
/* End XCBuildConfiguration section */

/* Begin XCConfigurationList section */
		3E430F051C8A9D1C00456CD7 /* Build configuration list for PBXProject "XMPPWechat" */ = {
			isa = XCConfigurationList;
			buildConfigurations = (
				3E430F351C8A9D1D00456CD7 /* Debug */,
				3E430F361C8A9D1D00456CD7 /* Release */,
			);
			defaultConfigurationIsVisible = 0;
			defaultConfigurationName = Release;
		};
		3E430F371C8A9D1D00456CD7 /* Build configuration list for PBXNativeTarget "XMPPWechat" */ = {
			isa = XCConfigurationList;
			buildConfigurations = (
				3E430F381C8A9D1D00456CD7 /* Debug */,
				3E430F391C8A9D1D00456CD7 /* Release */,
			);
			defaultConfigurationIsVisible = 0;
			defaultConfigurationName = Release;
		};
		3E430F3A1C8A9D1D00456CD7 /* Build configuration list for PBXNativeTarget "XMPPWechatTests" */ = {
			isa = XCConfigurationList;
			buildConfigurations = (
				3E430F3B1C8A9D1D00456CD7 /* Debug */,
				3E430F3C1C8A9D1D00456CD7 /* Release */,
			);
			defaultConfigurationIsVisible = 0;
			defaultConfigurationName = Release;
		};
		3E430F3D1C8A9D1D00456CD7 /* Build configuration list for PBXNativeTarget "XMPPWechatUITests" */ = {
			isa = XCConfigurationList;
			buildConfigurations = (
				3E430F3E1C8A9D1D00456CD7 /* Debug */,
				3E430F3F1C8A9D1D00456CD7 /* Release */,
			);
			defaultConfigurationIsVisible = 0;
			defaultConfigurationName = Release;
		};
/* End XCConfigurationList section */
	};
	rootObject = 3E430F021C8A9D1C00456CD7 /* Project object */;
}
